// !$*UTF8*$!
{
	archiveVersion = 1;
	classes = {
	};
	objectVersion = 52;
	objects = {

/* Begin PBXBuildFile section */
		088C843D5D8320BC84C9D090 /* Pods_Clay_refactor.framework in Frameworks */ = {isa = PBXBuildFile; fileRef = CE5CBACE315E2A3D19E30016 /* Pods_Clay_refactor.framework */; };
		16373FA098A0292EEC79AEC2 /* Pods_Clay_refactor_Clay_refactorUITests.framework in Frameworks */ = {isa = PBXBuildFile; fileRef = 6F5C8D1CD1A9F5184165CF3D /* Pods_Clay_refactor_Clay_refactorUITests.framework */; };
		7C283B4B28D75A655F7B6C12 /* Pods_Clay_refactorTests.framework in Frameworks */ = {isa = PBXBuildFile; fileRef = C913E7D3D51D578602FC5F72 /* Pods_Clay_refactorTests.framework */; };
		BE24E62B26E4E0A0003D5DFC /* Clay_refactorApp.swift in Sources */ = {isa = PBXBuildFile; fileRef = BE24E62A26E4E0A0003D5DFC /* Clay_refactorApp.swift */; };
		BE24E62D26E4E0A0003D5DFC /* Main.swift in Sources */ = {isa = PBXBuildFile; fileRef = BE24E62C26E4E0A0003D5DFC /* Main.swift */; };
		BE24E62F26E4E0A1003D5DFC /* Assets.xcassets in Resources */ = {isa = PBXBuildFile; fileRef = BE24E62E26E4E0A1003D5DFC /* Assets.xcassets */; };
		BE24E63226E4E0A1003D5DFC /* Preview Assets.xcassets in Resources */ = {isa = PBXBuildFile; fileRef = BE24E63126E4E0A1003D5DFC /* Preview Assets.xcassets */; };
		BE24E63D26E4E0A1003D5DFC /* Clay_refactorTests.swift in Sources */ = {isa = PBXBuildFile; fileRef = BE24E63C26E4E0A1003D5DFC /* Clay_refactorTests.swift */; };
		BE24E64826E4E0A1003D5DFC /* Clay_refactorUITests.swift in Sources */ = {isa = PBXBuildFile; fileRef = BE24E64726E4E0A1003D5DFC /* Clay_refactorUITests.swift */; };
		BE24E65726E4E2C4003D5DFC /* FirstLaunchView.swift in Sources */ = {isa = PBXBuildFile; fileRef = BE24E65626E4E2C4003D5DFC /* FirstLaunchView.swift */; };
		BE24E65926E4E445003D5DFC /* Font.swift in Sources */ = {isa = PBXBuildFile; fileRef = BE24E65826E4E445003D5DFC /* Font.swift */; };
		BE24E66726E4E4C9003D5DFC /* Pretendard-ExtraBold.otf in Resources */ = {isa = PBXBuildFile; fileRef = BE24E65C26E4E4C9003D5DFC /* Pretendard-ExtraBold.otf */; };
		BE24E66826E4E4C9003D5DFC /* Pretendard-Black.otf in Resources */ = {isa = PBXBuildFile; fileRef = BE24E65D26E4E4C9003D5DFC /* Pretendard-Black.otf */; };
		BE24E66926E4E4C9003D5DFC /* Pretendard-Thin.otf in Resources */ = {isa = PBXBuildFile; fileRef = BE24E65E26E4E4C9003D5DFC /* Pretendard-Thin.otf */; };
		BE24E66B26E4E4C9003D5DFC /* Pretendard-ExtraLight.otf in Resources */ = {isa = PBXBuildFile; fileRef = BE24E66026E4E4C9003D5DFC /* Pretendard-ExtraLight.otf */; };
		BE24E66D26E4E4C9003D5DFC /* Pretendard-Light.otf in Resources */ = {isa = PBXBuildFile; fileRef = BE24E66226E4E4C9003D5DFC /* Pretendard-Light.otf */; };
		BE24E66E26E4E4C9003D5DFC /* Pretendard-Medium.otf in Resources */ = {isa = PBXBuildFile; fileRef = BE24E66326E4E4C9003D5DFC /* Pretendard-Medium.otf */; };
		BE24E66F26E4E4C9003D5DFC /* Pretendard-Regular.otf in Resources */ = {isa = PBXBuildFile; fileRef = BE24E66426E4E4C9003D5DFC /* Pretendard-Regular.otf */; };
		BE24E67026E4E4C9003D5DFC /* Pretendard-SemiBold.otf in Resources */ = {isa = PBXBuildFile; fileRef = BE24E66526E4E4C9003D5DFC /* Pretendard-SemiBold.otf */; };
		BE24E67126E4E4C9003D5DFC /* Pretendard-Bold.otf in Resources */ = {isa = PBXBuildFile; fileRef = BE24E66626E4E4C9003D5DFC /* Pretendard-Bold.otf */; };
		BE24E67926E4EE59003D5DFC /* AreYouFirstView.swift in Sources */ = {isa = PBXBuildFile; fileRef = BE24E67826E4EE59003D5DFC /* AreYouFirstView.swift */; };
		BE24E67C26E4F0F3003D5DFC /* GetBodyInfoView.swift in Sources */ = {isa = PBXBuildFile; fileRef = BE24E67B26E4F0F3003D5DFC /* GetBodyInfoView.swift */; };
		BE24E67F26E4F15E003D5DFC /* MoveAndFade.swift in Sources */ = {isa = PBXBuildFile; fileRef = BE24E67E26E4F15E003D5DFC /* MoveAndFade.swift */; };
		BE24E68126E4F212003D5DFC /* UserData.swift in Sources */ = {isa = PBXBuildFile; fileRef = BE24E68026E4F212003D5DFC /* UserData.swift */; };
		BE24E68426E4FC89003D5DFC /* SignUpView.swift in Sources */ = {isa = PBXBuildFile; fileRef = BE24E68326E4FC89003D5DFC /* SignUpView.swift */; };
		BE24E68626E4FCD4003D5DFC /* SignAppViewModel.swift in Sources */ = {isa = PBXBuildFile; fileRef = BE24E68526E4FCD4003D5DFC /* SignAppViewModel.swift */; };
		BE24E68826E4FD5A003D5DFC /* Loader.swift in Sources */ = {isa = PBXBuildFile; fileRef = BE24E68726E4FD5A003D5DFC /* Loader.swift */; };
		BE24E68B26E4FD9E003D5DFC /* WrongRegisterErrorView.swift in Sources */ = {isa = PBXBuildFile; fileRef = BE24E68A26E4FD9E003D5DFC /* WrongRegisterErrorView.swift */; };
		BE24E69026E50312003D5DFC /* FirebaseData.swift in Sources */ = {isa = PBXBuildFile; fileRef = BE24E68F26E50312003D5DFC /* FirebaseData.swift */; };
		BE24E69226E5032A003D5DFC /* ThreadDataType.swift in Sources */ = {isa = PBXBuildFile; fileRef = BE24E69126E5032A003D5DFC /* ThreadDataType.swift */; };
		BE24E69426E5035A003D5DFC /* AppDelegate.swift in Sources */ = {isa = PBXBuildFile; fileRef = BE24E69326E5035A003D5DFC /* AppDelegate.swift */; };
		BE24E69626E50ADB003D5DFC /* LogoutBtn.swift in Sources */ = {isa = PBXBuildFile; fileRef = BE24E69526E50ADB003D5DFC /* LogoutBtn.swift */; };
		BE24E69826E50FBE003D5DFC /* signAndMain.swift in Sources */ = {isa = PBXBuildFile; fileRef = BE24E69726E50FBE003D5DFC /* signAndMain.swift */; };
		BE24E69C26E59CE0003D5DFC /* PageControl.swift in Sources */ = {isa = PBXBuildFile; fileRef = BE24E69B26E59CE0003D5DFC /* PageControl.swift */; };
		BE24E69E26E59FB8003D5DFC /* SignInView.swift in Sources */ = {isa = PBXBuildFile; fileRef = BE24E69D26E59FB8003D5DFC /* SignInView.swift */; };
		BE24E6A026E5A01E003D5DFC /* WrongIDErrorBiew.swift in Sources */ = {isa = PBXBuildFile; fileRef = BE24E69F26E5A01E003D5DFC /* WrongIDErrorBiew.swift */; };
		BE24E6A226E5A14C003D5DFC /* ResetPassword.swift in Sources */ = {isa = PBXBuildFile; fileRef = BE24E6A126E5A14C003D5DFC /* ResetPassword.swift */; };
		BE24E6A426E5A17B003D5DFC /* WrongResetPassword.swift in Sources */ = {isa = PBXBuildFile; fileRef = BE24E6A326E5A17B003D5DFC /* WrongResetPassword.swift */; };
		BE24E6A626E5A1D0003D5DFC /* ResetSuccess.swift in Sources */ = {isa = PBXBuildFile; fileRef = BE24E6A526E5A1D0003D5DFC /* ResetSuccess.swift */; };
		BE24E6AA26E6EDAC003D5DFC /* SignSuccessView.swift in Sources */ = {isa = PBXBuildFile; fileRef = BE24E6A926E6EDAC003D5DFC /* SignSuccessView.swift */; };
		BE24E6AD26E71234003D5DFC /* HomeView.swift in Sources */ = {isa = PBXBuildFile; fileRef = BE24E6AC26E71234003D5DFC /* HomeView.swift */; };
		BE267F172714011000D2CB7F /* Kingfisher in Frameworks */ = {isa = PBXBuildFile; productRef = BE267F162714011000D2CB7F /* Kingfisher */; };
		BE2D462D27114FC80006E864 /* ProfileImagePicker.swift in Sources */ = {isa = PBXBuildFile; fileRef = BE2D462C27114FC80006E864 /* ProfileImagePicker.swift */; };
		BE4E0685271BC980001DAD31 /* TodayBanner.swift in Sources */ = {isa = PBXBuildFile; fileRef = BE4E0683271BC980001DAD31 /* TodayBanner.swift */; };
		BE4E0686271BC980001DAD31 /* BlurView.swift in Sources */ = {isa = PBXBuildFile; fileRef = BE4E0684271BC980001DAD31 /* BlurView.swift */; };
		BE4E0688271D8478001DAD31 /* DietCompletePopup.swift in Sources */ = {isa = PBXBuildFile; fileRef = BE4E0687271D8478001DAD31 /* DietCompletePopup.swift */; };
		BE4E068A271D85E9001DAD31 /* DietAddSuccessAlert.swift in Sources */ = {isa = PBXBuildFile; fileRef = BE4E0689271D85E9001DAD31 /* DietAddSuccessAlert.swift */; };
		BE4E068E27201A8A001DAD31 /* NutritionAddView.swift in Sources */ = {isa = PBXBuildFile; fileRef = BE4E068D27201A8A001DAD31 /* NutritionAddView.swift */; };
		BE4E06902720336B001DAD31 /* SnackNutritionAddView.swift in Sources */ = {isa = PBXBuildFile; fileRef = BE4E068F2720336B001DAD31 /* SnackNutritionAddView.swift */; };
		BE50E00826F1B1E2001327C0 /* FoodSelectSuccessView.swift in Sources */ = {isa = PBXBuildFile; fileRef = BE50E00726F1B1E2001327C0 /* FoodSelectSuccessView.swift */; };
		BE50E04426F21EE4001327C0 /* NanumSquareBold.ttf in Resources */ = {isa = PBXBuildFile; fileRef = BE50E04026F21EE4001327C0 /* NanumSquareBold.ttf */; };
		BE50E04526F21EE4001327C0 /* NanumSquareRegular.ttf in Resources */ = {isa = PBXBuildFile; fileRef = BE50E04126F21EE4001327C0 /* NanumSquareRegular.ttf */; };
		BE50E04626F21EE4001327C0 /* NanumSquareExtraBold.ttf in Resources */ = {isa = PBXBuildFile; fileRef = BE50E04226F21EE4001327C0 /* NanumSquareExtraBold.ttf */; };
		BE50E04726F21EE4001327C0 /* NanumSquareLight.ttf in Resources */ = {isa = PBXBuildFile; fileRef = BE50E04326F21EE4001327C0 /* NanumSquareLight.ttf */; };
		BE51005126EB374700FA9B3D /* FirebaseImageView.swift in Sources */ = {isa = PBXBuildFile; fileRef = BE51005026EB374700FA9B3D /* FirebaseImageView.swift */; };
		BE51005326EB37A700FA9B3D /* Camera.swift in Sources */ = {isa = PBXBuildFile; fileRef = BE51005226EB37A700FA9B3D /* Camera.swift */; };
		BE51005526EB386300FA9B3D /* ContentView.swift in Sources */ = {isa = PBXBuildFile; fileRef = BE51005426EB386300FA9B3D /* ContentView.swift */; };
		BE51005826EB502100FA9B3D /* Friend.swift in Sources */ = {isa = PBXBuildFile; fileRef = BE51005726EB502100FA9B3D /* Friend.swift */; };
		BE51005A26EB507900FA9B3D /* FriendView.swift in Sources */ = {isa = PBXBuildFile; fileRef = BE51005926EB507900FA9B3D /* FriendView.swift */; };
		BE51005C26EB533E00FA9B3D /* FriendDataType.swift in Sources */ = {isa = PBXBuildFile; fileRef = BE51005B26EB533E00FA9B3D /* FriendDataType.swift */; };
		BE51006126EB974E00FA9B3D /* FoodInfoResponse.swift in Sources */ = {isa = PBXBuildFile; fileRef = BE51006026EB974E00FA9B3D /* FoodInfoResponse.swift */; };
		BE5100D926EE2D6B00FA9B3D /* FoodInfoViewModel.swift in Sources */ = {isa = PBXBuildFile; fileRef = BE5100D826EE2D6B00FA9B3D /* FoodInfoViewModel.swift */; };
		BE5100DB26EE2D8B00FA9B3D /* FoodInfoRowView.swift in Sources */ = {isa = PBXBuildFile; fileRef = BE5100DA26EE2D8B00FA9B3D /* FoodInfoRowView.swift */; };
		BE5313BC26F0368C0090C4C0 /* ImagePicker.swift in Sources */ = {isa = PBXBuildFile; fileRef = BE5313BB26F0368C0090C4C0 /* ImagePicker.swift */; };
		BE53235826F6CD4000D3FB91 /* GetBodyInfoReport.swift in Sources */ = {isa = PBXBuildFile; fileRef = BE53235726F6CD4000D3FB91 /* GetBodyInfoReport.swift */; };
		BE69E244270C384D002A90C1 /* CustomDatePicker.swift in Sources */ = {isa = PBXBuildFile; fileRef = BE69E243270C384D002A90C1 /* CustomDatePicker.swift */; };
		BE69E246270C3871002A90C1 /* DateValue.swift in Sources */ = {isa = PBXBuildFile; fileRef = BE69E245270C3871002A90C1 /* DateValue.swift */; };
		BE69E248270C3880002A90C1 /* Task.swift in Sources */ = {isa = PBXBuildFile; fileRef = BE69E247270C3880002A90C1 /* Task.swift */; };
		BE69E24A270C70A7002A90C1 /* CalendarDataType.swift in Sources */ = {isa = PBXBuildFile; fileRef = BE69E249270C70A7002A90C1 /* CalendarDataType.swift */; };
		BE69E24D270D6ACF002A90C1 /* MyPageView.swift in Sources */ = {isa = PBXBuildFile; fileRef = BE69E24C270D6ACF002A90C1 /* MyPageView.swift */; };
		BE7F4A99270566240081B7C4 /* PopupView in Frameworks */ = {isa = PBXBuildFile; productRef = BE7F4A98270566240081B7C4 /* PopupView */; };
		BE7F4AEF270567880081B7C4 /* ConfettiSwiftUI in Frameworks */ = {isa = PBXBuildFile; productRef = BE7F4AEE270567880081B7C4 /* ConfettiSwiftUI */; };
		BE7F4AF0270567880081B7C4 /* ConfettiSwiftUI in Embed Frameworks */ = {isa = PBXBuildFile; productRef = BE7F4AEE270567880081B7C4 /* ConfettiSwiftUI */; settings = {ATTRIBUTES = (CodeSignOnCopy, ); }; };
		BE7F4AF827061F4D0081B7C4 /* ListLineSeparator.swift in Sources */ = {isa = PBXBuildFile; fileRef = BE7F4AF727061F4D0081B7C4 /* ListLineSeparator.swift */; };
		BE8964A9270FFF1000BDC896 /* SuccessAlertView.swift in Sources */ = {isa = PBXBuildFile; fileRef = BE8964A8270FFF1000BDC896 /* SuccessAlertView.swift */; };
		BE8964AD271019A600BDC896 /* SwiftUIRefresh in Frameworks */ = {isa = PBXBuildFile; productRef = BE8964AC271019A600BDC896 /* SwiftUIRefresh */; };
		BE8964AF271026CD00BDC896 /* SnackDiaryView.swift in Sources */ = {isa = PBXBuildFile; fileRef = BE8964AE271026CD00BDC896 /* SnackDiaryView.swift */; };
		BE8964B12710393D00BDC896 /* SnackFoodInfoRowView.swift in Sources */ = {isa = PBXBuildFile; fileRef = BE8964B02710393D00BDC896 /* SnackFoodInfoRowView.swift */; };
		BE9147192709E7A0009F1522 /* Alamofire in Frameworks */ = {isa = PBXBuildFile; productRef = BE9147182709E7A0009F1522 /* Alamofire */; };
		BE955E9826E8FC7300FECF2F /* DiaryView.swift in Sources */ = {isa = PBXBuildFile; fileRef = BE955E9726E8FC7300FECF2F /* DiaryView.swift */; };
		BEAEDBC6270858B200A54AD4 /* CommerceVIew.swift in Sources */ = {isa = PBXBuildFile; fileRef = BEAEDBC5270858B200A54AD4 /* CommerceVIew.swift */; };
		BEAEDBC92708A5E000A54AD4 /* DonateView.swift in Sources */ = {isa = PBXBuildFile; fileRef = BEAEDBC82708A5E000A54AD4 /* DonateView.swift */; };
		BEAEDBCB2708C2E800A54AD4 /* ProductView.swift in Sources */ = {isa = PBXBuildFile; fileRef = BEAEDBCA2708C2E800A54AD4 /* ProductView.swift */; };
		BEC26DB026F2F949003CA5F4 /* CustomTabBar.swift in Sources */ = {isa = PBXBuildFile; fileRef = BEC26DAF26F2F949003CA5F4 /* CustomTabBar.swift */; };
		BEC26DB226F2FB19003CA5F4 /* CustomTabView.swift in Sources */ = {isa = PBXBuildFile; fileRef = BEC26DB126F2FB19003CA5F4 /* CustomTabView.swift */; };
		BECFE4ED27205F3400B1C964 /* DateKcalDetailView.swift in Sources */ = {isa = PBXBuildFile; fileRef = BECFE4EC27205F3400B1C964 /* DateKcalDetailView.swift */; };
		BECFE4EF27206E9600B1C964 /* MealDetail.swift in Sources */ = {isa = PBXBuildFile; fileRef = BECFE4EE27206E9600B1C964 /* MealDetail.swift */; };
		BEE4B98E27171CC20042BEFC /* Launch Screen.storyboard in Resources */ = {isa = PBXBuildFile; fileRef = BEE4B98D27171CC20042BEFC /* Launch Screen.storyboard */; };
		BEEF37F2271928C2002B054B /* HomeNavigationBar.swift in Sources */ = {isa = PBXBuildFile; fileRef = BEEF37F1271928C2002B054B /* HomeNavigationBar.swift */; };
		BEEF37F427192B5B002B054B /* HomeViewModel.swift in Sources */ = {isa = PBXBuildFile; fileRef = BEEF37F327192B5B002B054B /* HomeViewModel.swift */; };
		BEEF37F62719419F002B054B /* MyPointView.swift in Sources */ = {isa = PBXBuildFile; fileRef = BEEF37F52719419F002B054B /* MyPointView.swift */; };
		BEEF37F82719446C002B054B /* HomeProfileView.swift in Sources */ = {isa = PBXBuildFile; fileRef = BEEF37F72719446C002B054B /* HomeProfileView.swift */; };
		BEEF37FA271952E2002B054B /* HomeMealBannerView.swift in Sources */ = {isa = PBXBuildFile; fileRef = BEEF37F9271952E2002B054B /* HomeMealBannerView.swift */; };
		BEEF37FE271995BE002B054B /* CantWriteBanner.swift in Sources */ = {isa = PBXBuildFile; fileRef = BEEF37FD271995BE002B054B /* CantWriteBanner.swift */; };
		BEEF38002719980B002B054B /* CanWriteBanner.swift in Sources */ = {isa = PBXBuildFile; fileRef = BEEF37FF2719980B002B054B /* CanWriteBanner.swift */; };
		BEEF380227199979002B054B /* TimerBanner.swift in Sources */ = {isa = PBXBuildFile; fileRef = BEEF380127199979002B054B /* TimerBanner.swift */; };
		BEEF3805271AC800002B054B /* PointInfoPopup.swift in Sources */ = {isa = PBXBuildFile; fileRef = BEEF3804271AC800002B054B /* PointInfoPopup.swift */; };
		BEEF3807271ACB3E002B054B /* TimeInfoPopup.swift in Sources */ = {isa = PBXBuildFile; fileRef = BEEF3806271ACB3E002B054B /* TimeInfoPopup.swift */; };
		BEEF3809271AF196002B054B /* GetPointPopup.swift in Sources */ = {isa = PBXBuildFile; fileRef = BEEF3808271AF196002B054B /* GetPointPopup.swift */; };
		BEEF380B271AF52D002B054B /* FailPopup.swift in Sources */ = {isa = PBXBuildFile; fileRef = BEEF380A271AF52D002B054B /* FailPopup.swift */; };
		BEEF380D271B015E002B054B /* ChevronButton.swift in Sources */ = {isa = PBXBuildFile; fileRef = BEEF380C271B015E002B054B /* ChevronButton.swift */; };
		BEEF380F271B041B002B054B /* InfoTextFiled.swift in Sources */ = {isa = PBXBuildFile; fileRef = BEEF380E271B041B002B054B /* InfoTextFiled.swift */; };
		BEEF3811271B0A2B002B054B /* RadioButton.swift in Sources */ = {isa = PBXBuildFile; fileRef = BEEF3810271B0A2A002B054B /* RadioButton.swift */; };
		BEFE203C270BAD5300AA3E47 /* ElegantCalendar in Frameworks */ = {isa = PBXBuildFile; productRef = BEFE203B270BAD5300AA3E47 /* ElegantCalendar */; };
		BEFE203F270BB40300AA3E47 /* DateGrid in Frameworks */ = {isa = PBXBuildFile; productRef = BEFE203E270BB40300AA3E47 /* DateGrid */; };
		BEFE204A270C256D00AA3E47 /* GoogleService-Info.plist in Resources */ = {isa = PBXBuildFile; fileRef = BEFE2049270C256D00AA3E47 /* GoogleService-Info.plist */; };
/* End PBXBuildFile section */

/* Begin PBXContainerItemProxy section */
		BE24E63926E4E0A1003D5DFC /* PBXContainerItemProxy */ = {
			isa = PBXContainerItemProxy;
			containerPortal = BE24E61F26E4E0A0003D5DFC /* Project object */;
			proxyType = 1;
			remoteGlobalIDString = BE24E62626E4E0A0003D5DFC;
			remoteInfo = Clay_refactor;
		};
		BE24E64426E4E0A1003D5DFC /* PBXContainerItemProxy */ = {
			isa = PBXContainerItemProxy;
			containerPortal = BE24E61F26E4E0A0003D5DFC /* Project object */;
			proxyType = 1;
			remoteGlobalIDString = BE24E62626E4E0A0003D5DFC;
			remoteInfo = Clay_refactor;
		};
/* End PBXContainerItemProxy section */

/* Begin PBXCopyFilesBuildPhase section */
		BE7F4AF1270567880081B7C4 /* Embed Frameworks */ = {
			isa = PBXCopyFilesBuildPhase;
			buildActionMask = 2147483647;
			dstPath = "";
			dstSubfolderSpec = 10;
			files = (
				BE7F4AF0270567880081B7C4 /* ConfettiSwiftUI in Embed Frameworks */,
			);
			name = "Embed Frameworks";
			runOnlyForDeploymentPostprocessing = 0;
		};
		BEFE1F91270B4E8500AA3E47 /* Embed App Extensions */ = {
			isa = PBXCopyFilesBuildPhase;
			buildActionMask = 2147483647;
			dstPath = "";
			dstSubfolderSpec = 13;
			files = (
			);
			name = "Embed App Extensions";
			runOnlyForDeploymentPostprocessing = 0;
		};
/* End PBXCopyFilesBuildPhase section */

/* Begin PBXFileReference section */
		04F7002C503EC617F52EB26B /* Pods-Clay_refactorTests.release.xcconfig */ = {isa = PBXFileReference; includeInIndex = 1; lastKnownFileType = text.xcconfig; name = "Pods-Clay_refactorTests.release.xcconfig"; path = "Target Support Files/Pods-Clay_refactorTests/Pods-Clay_refactorTests.release.xcconfig"; sourceTree = "<group>"; };
		0EC2E6A99096186CFE772000 /* Pods-Clay_refactor.debug.xcconfig */ = {isa = PBXFileReference; includeInIndex = 1; lastKnownFileType = text.xcconfig; name = "Pods-Clay_refactor.debug.xcconfig"; path = "Target Support Files/Pods-Clay_refactor/Pods-Clay_refactor.debug.xcconfig"; sourceTree = "<group>"; };
		286CF25C91D76A0C33AAE88E /* Pods-Clay_refactor-Clay_refactorUITests.debug.xcconfig */ = {isa = PBXFileReference; includeInIndex = 1; lastKnownFileType = text.xcconfig; name = "Pods-Clay_refactor-Clay_refactorUITests.debug.xcconfig"; path = "Target Support Files/Pods-Clay_refactor-Clay_refactorUITests/Pods-Clay_refactor-Clay_refactorUITests.debug.xcconfig"; sourceTree = "<group>"; };
		6F5C8D1CD1A9F5184165CF3D /* Pods_Clay_refactor_Clay_refactorUITests.framework */ = {isa = PBXFileReference; explicitFileType = wrapper.framework; includeInIndex = 0; path = Pods_Clay_refactor_Clay_refactorUITests.framework; sourceTree = BUILT_PRODUCTS_DIR; };
		772D5B1377CD0D04D5A61E19 /* Pods-Clay_refactor-Clay_refactorUITests.release.xcconfig */ = {isa = PBXFileReference; includeInIndex = 1; lastKnownFileType = text.xcconfig; name = "Pods-Clay_refactor-Clay_refactorUITests.release.xcconfig"; path = "Target Support Files/Pods-Clay_refactor-Clay_refactorUITests/Pods-Clay_refactor-Clay_refactorUITests.release.xcconfig"; sourceTree = "<group>"; };
		AA3352281982CC6DE70BD0AE /* Pods-Clay_refactorTests.debug.xcconfig */ = {isa = PBXFileReference; includeInIndex = 1; lastKnownFileType = text.xcconfig; name = "Pods-Clay_refactorTests.debug.xcconfig"; path = "Target Support Files/Pods-Clay_refactorTests/Pods-Clay_refactorTests.debug.xcconfig"; sourceTree = "<group>"; };
		BE1E7BEA27099E5B0000522D /* Clay_refactor.entitlements */ = {isa = PBXFileReference; lastKnownFileType = text.plist.entitlements; path = Clay_refactor.entitlements; sourceTree = "<group>"; };
		BE24E62726E4E0A0003D5DFC /* Clay_refactor.app */ = {isa = PBXFileReference; explicitFileType = wrapper.application; includeInIndex = 0; path = Clay_refactor.app; sourceTree = BUILT_PRODUCTS_DIR; };
		BE24E62A26E4E0A0003D5DFC /* Clay_refactorApp.swift */ = {isa = PBXFileReference; lastKnownFileType = sourcecode.swift; path = Clay_refactorApp.swift; sourceTree = "<group>"; };
		BE24E62C26E4E0A0003D5DFC /* Main.swift */ = {isa = PBXFileReference; lastKnownFileType = sourcecode.swift; path = Main.swift; sourceTree = "<group>"; };
		BE24E62E26E4E0A1003D5DFC /* Assets.xcassets */ = {isa = PBXFileReference; lastKnownFileType = folder.assetcatalog; path = Assets.xcassets; sourceTree = "<group>"; };
		BE24E63126E4E0A1003D5DFC /* Preview Assets.xcassets */ = {isa = PBXFileReference; lastKnownFileType = folder.assetcatalog; path = "Preview Assets.xcassets"; sourceTree = "<group>"; };
		BE24E63326E4E0A1003D5DFC /* Info.plist */ = {isa = PBXFileReference; lastKnownFileType = text.plist.xml; path = Info.plist; sourceTree = "<group>"; };
		BE24E63826E4E0A1003D5DFC /* Clay_refactorTests.xctest */ = {isa = PBXFileReference; explicitFileType = wrapper.cfbundle; includeInIndex = 0; path = Clay_refactorTests.xctest; sourceTree = BUILT_PRODUCTS_DIR; };
		BE24E63C26E4E0A1003D5DFC /* Clay_refactorTests.swift */ = {isa = PBXFileReference; lastKnownFileType = sourcecode.swift; path = Clay_refactorTests.swift; sourceTree = "<group>"; };
		BE24E63E26E4E0A1003D5DFC /* Info.plist */ = {isa = PBXFileReference; lastKnownFileType = text.plist.xml; path = Info.plist; sourceTree = "<group>"; };
		BE24E64326E4E0A1003D5DFC /* Clay_refactorUITests.xctest */ = {isa = PBXFileReference; explicitFileType = wrapper.cfbundle; includeInIndex = 0; path = Clay_refactorUITests.xctest; sourceTree = BUILT_PRODUCTS_DIR; };
		BE24E64726E4E0A1003D5DFC /* Clay_refactorUITests.swift */ = {isa = PBXFileReference; lastKnownFileType = sourcecode.swift; path = Clay_refactorUITests.swift; sourceTree = "<group>"; };
		BE24E64926E4E0A1003D5DFC /* Info.plist */ = {isa = PBXFileReference; lastKnownFileType = text.plist.xml; path = Info.plist; sourceTree = "<group>"; };
		BE24E65626E4E2C4003D5DFC /* FirstLaunchView.swift */ = {isa = PBXFileReference; lastKnownFileType = sourcecode.swift; path = FirstLaunchView.swift; sourceTree = "<group>"; };
		BE24E65826E4E445003D5DFC /* Font.swift */ = {isa = PBXFileReference; lastKnownFileType = sourcecode.swift; path = Font.swift; sourceTree = "<group>"; };
		BE24E65C26E4E4C9003D5DFC /* Pretendard-ExtraBold.otf */ = {isa = PBXFileReference; lastKnownFileType = file; path = "Pretendard-ExtraBold.otf"; sourceTree = "<group>"; };
		BE24E65D26E4E4C9003D5DFC /* Pretendard-Black.otf */ = {isa = PBXFileReference; lastKnownFileType = file; path = "Pretendard-Black.otf"; sourceTree = "<group>"; };
		BE24E65E26E4E4C9003D5DFC /* Pretendard-Thin.otf */ = {isa = PBXFileReference; lastKnownFileType = file; path = "Pretendard-Thin.otf"; sourceTree = "<group>"; };
		BE24E66026E4E4C9003D5DFC /* Pretendard-ExtraLight.otf */ = {isa = PBXFileReference; lastKnownFileType = file; path = "Pretendard-ExtraLight.otf"; sourceTree = "<group>"; };
		BE24E66226E4E4C9003D5DFC /* Pretendard-Light.otf */ = {isa = PBXFileReference; lastKnownFileType = file; path = "Pretendard-Light.otf"; sourceTree = "<group>"; };
		BE24E66326E4E4C9003D5DFC /* Pretendard-Medium.otf */ = {isa = PBXFileReference; lastKnownFileType = file; path = "Pretendard-Medium.otf"; sourceTree = "<group>"; };
		BE24E66426E4E4C9003D5DFC /* Pretendard-Regular.otf */ = {isa = PBXFileReference; lastKnownFileType = file; path = "Pretendard-Regular.otf"; sourceTree = "<group>"; };
		BE24E66526E4E4C9003D5DFC /* Pretendard-SemiBold.otf */ = {isa = PBXFileReference; lastKnownFileType = file; path = "Pretendard-SemiBold.otf"; sourceTree = "<group>"; };
		BE24E66626E4E4C9003D5DFC /* Pretendard-Bold.otf */ = {isa = PBXFileReference; lastKnownFileType = file; path = "Pretendard-Bold.otf"; sourceTree = "<group>"; };
		BE24E67826E4EE59003D5DFC /* AreYouFirstView.swift */ = {isa = PBXFileReference; lastKnownFileType = sourcecode.swift; path = AreYouFirstView.swift; sourceTree = "<group>"; };
		BE24E67B26E4F0F3003D5DFC /* GetBodyInfoView.swift */ = {isa = PBXFileReference; lastKnownFileType = sourcecode.swift; path = GetBodyInfoView.swift; sourceTree = "<group>"; };
		BE24E67E26E4F15E003D5DFC /* MoveAndFade.swift */ = {isa = PBXFileReference; lastKnownFileType = sourcecode.swift; path = MoveAndFade.swift; sourceTree = "<group>"; };
		BE24E68026E4F212003D5DFC /* UserData.swift */ = {isa = PBXFileReference; lastKnownFileType = sourcecode.swift; path = UserData.swift; sourceTree = "<group>"; };
		BE24E68326E4FC89003D5DFC /* SignUpView.swift */ = {isa = PBXFileReference; lastKnownFileType = sourcecode.swift; path = SignUpView.swift; sourceTree = "<group>"; };
		BE24E68526E4FCD4003D5DFC /* SignAppViewModel.swift */ = {isa = PBXFileReference; lastKnownFileType = sourcecode.swift; path = SignAppViewModel.swift; sourceTree = "<group>"; };
		BE24E68726E4FD5A003D5DFC /* Loader.swift */ = {isa = PBXFileReference; lastKnownFileType = sourcecode.swift; path = Loader.swift; sourceTree = "<group>"; };
		BE24E68A26E4FD9E003D5DFC /* WrongRegisterErrorView.swift */ = {isa = PBXFileReference; lastKnownFileType = sourcecode.swift; path = WrongRegisterErrorView.swift; sourceTree = "<group>"; };
		BE24E68F26E50312003D5DFC /* FirebaseData.swift */ = {isa = PBXFileReference; lastKnownFileType = sourcecode.swift; path = FirebaseData.swift; sourceTree = "<group>"; };
		BE24E69126E5032A003D5DFC /* ThreadDataType.swift */ = {isa = PBXFileReference; lastKnownFileType = sourcecode.swift; path = ThreadDataType.swift; sourceTree = "<group>"; };
		BE24E69326E5035A003D5DFC /* AppDelegate.swift */ = {isa = PBXFileReference; lastKnownFileType = sourcecode.swift; path = AppDelegate.swift; sourceTree = "<group>"; };
		BE24E69526E50ADB003D5DFC /* LogoutBtn.swift */ = {isa = PBXFileReference; lastKnownFileType = sourcecode.swift; path = LogoutBtn.swift; sourceTree = "<group>"; };
		BE24E69726E50FBE003D5DFC /* signAndMain.swift */ = {isa = PBXFileReference; lastKnownFileType = sourcecode.swift; path = signAndMain.swift; sourceTree = "<group>"; };
		BE24E69B26E59CE0003D5DFC /* PageControl.swift */ = {isa = PBXFileReference; lastKnownFileType = sourcecode.swift; path = PageControl.swift; sourceTree = "<group>"; };
		BE24E69D26E59FB8003D5DFC /* SignInView.swift */ = {isa = PBXFileReference; lastKnownFileType = sourcecode.swift; path = SignInView.swift; sourceTree = "<group>"; };
		BE24E69F26E5A01E003D5DFC /* WrongIDErrorBiew.swift */ = {isa = PBXFileReference; lastKnownFileType = sourcecode.swift; path = WrongIDErrorBiew.swift; sourceTree = "<group>"; };
		BE24E6A126E5A14C003D5DFC /* ResetPassword.swift */ = {isa = PBXFileReference; lastKnownFileType = sourcecode.swift; path = ResetPassword.swift; sourceTree = "<group>"; };
		BE24E6A326E5A17B003D5DFC /* WrongResetPassword.swift */ = {isa = PBXFileReference; lastKnownFileType = sourcecode.swift; path = WrongResetPassword.swift; sourceTree = "<group>"; };
		BE24E6A526E5A1D0003D5DFC /* ResetSuccess.swift */ = {isa = PBXFileReference; lastKnownFileType = sourcecode.swift; path = ResetSuccess.swift; sourceTree = "<group>"; };
		BE24E6A926E6EDAC003D5DFC /* SignSuccessView.swift */ = {isa = PBXFileReference; lastKnownFileType = sourcecode.swift; path = SignSuccessView.swift; sourceTree = "<group>"; };
		BE24E6AC26E71234003D5DFC /* HomeView.swift */ = {isa = PBXFileReference; lastKnownFileType = sourcecode.swift; path = HomeView.swift; sourceTree = "<group>"; };
		BE2D462C27114FC80006E864 /* ProfileImagePicker.swift */ = {isa = PBXFileReference; lastKnownFileType = sourcecode.swift; path = ProfileImagePicker.swift; sourceTree = "<group>"; };
		BE3FDF78270ED17400BF1C7C /* EliceDigitalBaeum_Regular.ttf */ = {isa = PBXFileReference; lastKnownFileType = file; path = EliceDigitalBaeum_Regular.ttf; sourceTree = "<group>"; };
		BE3FDF79270ED17400BF1C7C /* EliceDigitalBaeum_Bold.ttf */ = {isa = PBXFileReference; lastKnownFileType = file; path = EliceDigitalBaeum_Bold.ttf; sourceTree = "<group>"; };
		BE4E0683271BC980001DAD31 /* TodayBanner.swift */ = {isa = PBXFileReference; fileEncoding = 4; lastKnownFileType = sourcecode.swift; name = TodayBanner.swift; path = Clay_refactor/Home/TodayBanner.swift; sourceTree = SOURCE_ROOT; };
		BE4E0684271BC980001DAD31 /* BlurView.swift */ = {isa = PBXFileReference; fileEncoding = 4; lastKnownFileType = sourcecode.swift; name = BlurView.swift; path = Clay_refactor/Home/BlurView.swift; sourceTree = SOURCE_ROOT; };
		BE4E0687271D8478001DAD31 /* DietCompletePopup.swift */ = {isa = PBXFileReference; lastKnownFileType = sourcecode.swift; path = DietCompletePopup.swift; sourceTree = "<group>"; };
		BE4E0689271D85E9001DAD31 /* DietAddSuccessAlert.swift */ = {isa = PBXFileReference; lastKnownFileType = sourcecode.swift; path = DietAddSuccessAlert.swift; sourceTree = "<group>"; };
		BE4E068D27201A8A001DAD31 /* NutritionAddView.swift */ = {isa = PBXFileReference; lastKnownFileType = sourcecode.swift; path = NutritionAddView.swift; sourceTree = "<group>"; };
		BE4E068F2720336B001DAD31 /* SnackNutritionAddView.swift */ = {isa = PBXFileReference; lastKnownFileType = sourcecode.swift; path = SnackNutritionAddView.swift; sourceTree = "<group>"; };
		BE50E00726F1B1E2001327C0 /* FoodSelectSuccessView.swift */ = {isa = PBXFileReference; lastKnownFileType = sourcecode.swift; path = FoodSelectSuccessView.swift; sourceTree = "<group>"; };
		BE50E04026F21EE4001327C0 /* NanumSquareBold.ttf */ = {isa = PBXFileReference; lastKnownFileType = file; path = NanumSquareBold.ttf; sourceTree = "<group>"; };
		BE50E04126F21EE4001327C0 /* NanumSquareRegular.ttf */ = {isa = PBXFileReference; lastKnownFileType = file; path = NanumSquareRegular.ttf; sourceTree = "<group>"; };
		BE50E04226F21EE4001327C0 /* NanumSquareExtraBold.ttf */ = {isa = PBXFileReference; lastKnownFileType = file; path = NanumSquareExtraBold.ttf; sourceTree = "<group>"; };
		BE50E04326F21EE4001327C0 /* NanumSquareLight.ttf */ = {isa = PBXFileReference; lastKnownFileType = file; path = NanumSquareLight.ttf; sourceTree = "<group>"; };
		BE51005026EB374700FA9B3D /* FirebaseImageView.swift */ = {isa = PBXFileReference; lastKnownFileType = sourcecode.swift; path = FirebaseImageView.swift; sourceTree = "<group>"; };
		BE51005226EB37A700FA9B3D /* Camera.swift */ = {isa = PBXFileReference; lastKnownFileType = sourcecode.swift; path = Camera.swift; sourceTree = "<group>"; };
		BE51005426EB386300FA9B3D /* ContentView.swift */ = {isa = PBXFileReference; lastKnownFileType = sourcecode.swift; path = ContentView.swift; sourceTree = "<group>"; };
		BE51005726EB502100FA9B3D /* Friend.swift */ = {isa = PBXFileReference; lastKnownFileType = sourcecode.swift; path = Friend.swift; sourceTree = "<group>"; };
		BE51005926EB507900FA9B3D /* FriendView.swift */ = {isa = PBXFileReference; lastKnownFileType = sourcecode.swift; path = FriendView.swift; sourceTree = "<group>"; };
		BE51005B26EB533E00FA9B3D /* FriendDataType.swift */ = {isa = PBXFileReference; lastKnownFileType = sourcecode.swift; path = FriendDataType.swift; sourceTree = "<group>"; };
		BE51006026EB974E00FA9B3D /* FoodInfoResponse.swift */ = {isa = PBXFileReference; lastKnownFileType = sourcecode.swift; path = FoodInfoResponse.swift; sourceTree = "<group>"; };
		BE5100D826EE2D6B00FA9B3D /* FoodInfoViewModel.swift */ = {isa = PBXFileReference; lastKnownFileType = sourcecode.swift; path = FoodInfoViewModel.swift; sourceTree = "<group>"; };
		BE5100DA26EE2D8B00FA9B3D /* FoodInfoRowView.swift */ = {isa = PBXFileReference; lastKnownFileType = sourcecode.swift; path = FoodInfoRowView.swift; sourceTree = "<group>"; };
		BE5313BB26F0368C0090C4C0 /* ImagePicker.swift */ = {isa = PBXFileReference; lastKnownFileType = sourcecode.swift; path = ImagePicker.swift; sourceTree = "<group>"; };
		BE53235726F6CD4000D3FB91 /* GetBodyInfoReport.swift */ = {isa = PBXFileReference; lastKnownFileType = sourcecode.swift; path = GetBodyInfoReport.swift; sourceTree = "<group>"; };
		BE69E243270C384D002A90C1 /* CustomDatePicker.swift */ = {isa = PBXFileReference; lastKnownFileType = sourcecode.swift; path = CustomDatePicker.swift; sourceTree = "<group>"; };
		BE69E245270C3871002A90C1 /* DateValue.swift */ = {isa = PBXFileReference; lastKnownFileType = sourcecode.swift; path = DateValue.swift; sourceTree = "<group>"; };
		BE69E247270C3880002A90C1 /* Task.swift */ = {isa = PBXFileReference; lastKnownFileType = sourcecode.swift; path = Task.swift; sourceTree = "<group>"; };
		BE69E249270C70A7002A90C1 /* CalendarDataType.swift */ = {isa = PBXFileReference; lastKnownFileType = sourcecode.swift; path = CalendarDataType.swift; sourceTree = "<group>"; };
		BE69E24C270D6ACF002A90C1 /* MyPageView.swift */ = {isa = PBXFileReference; lastKnownFileType = sourcecode.swift; path = MyPageView.swift; sourceTree = "<group>"; };
		BE7F4A9E270566400081B7C4 /* absl.framework */ = {isa = PBXFileReference; explicitFileType = wrapper.framework; path = absl.framework; sourceTree = BUILT_PRODUCTS_DIR; };
		BE7F4A9F270566400081B7C4 /* Alamofire.framework */ = {isa = PBXFileReference; explicitFileType = wrapper.framework; path = Alamofire.framework; sourceTree = BUILT_PRODUCTS_DIR; };
		BE7F4AA0270566400081B7C4 /* ExytePopupView.framework */ = {isa = PBXFileReference; explicitFileType = wrapper.framework; path = ExytePopupView.framework; sourceTree = BUILT_PRODUCTS_DIR; };
		BE7F4AA1270566400081B7C4 /* FBLPromises.framework */ = {isa = PBXFileReference; explicitFileType = wrapper.framework; path = FBLPromises.framework; sourceTree = BUILT_PRODUCTS_DIR; };
		BE7F4AA2270566400081B7C4 /* FirebaseAnalytics.xcframework */ = {isa = PBXFileReference; lastKnownFileType = wrapper.xcframework; name = FirebaseAnalytics.xcframework; path = Pods/FirebaseAnalytics/Frameworks/FirebaseAnalytics.xcframework; sourceTree = "<group>"; };
		BE7F4AA3270566400081B7C4 /* FirebaseAuth.framework */ = {isa = PBXFileReference; explicitFileType = wrapper.framework; path = FirebaseAuth.framework; sourceTree = BUILT_PRODUCTS_DIR; };
		BE7F4AA4270566400081B7C4 /* FirebaseCore.framework */ = {isa = PBXFileReference; explicitFileType = wrapper.framework; path = FirebaseCore.framework; sourceTree = BUILT_PRODUCTS_DIR; };
		BE7F4AA5270566400081B7C4 /* FirebaseCoreDiagnostics.framework */ = {isa = PBXFileReference; explicitFileType = wrapper.framework; path = FirebaseCoreDiagnostics.framework; sourceTree = BUILT_PRODUCTS_DIR; };
		BE7F4AA6270566400081B7C4 /* FirebaseFirestore.framework */ = {isa = PBXFileReference; explicitFileType = wrapper.framework; path = FirebaseFirestore.framework; sourceTree = BUILT_PRODUCTS_DIR; };
		BE7F4AA7270566400081B7C4 /* FirebaseInstallations.framework */ = {isa = PBXFileReference; explicitFileType = wrapper.framework; path = FirebaseInstallations.framework; sourceTree = BUILT_PRODUCTS_DIR; };
		BE7F4AA8270566400081B7C4 /* FirebaseStorage.framework */ = {isa = PBXFileReference; explicitFileType = wrapper.framework; path = FirebaseStorage.framework; sourceTree = BUILT_PRODUCTS_DIR; };
		BE7F4AA9270566400081B7C4 /* GoogleAppMeasurement.xcframework */ = {isa = PBXFileReference; lastKnownFileType = wrapper.xcframework; name = GoogleAppMeasurement.xcframework; path = Pods/GoogleAppMeasurement/Frameworks/GoogleAppMeasurement.xcframework; sourceTree = "<group>"; };
		BE7F4AAA270566400081B7C4 /* GoogleDataTransport.framework */ = {isa = PBXFileReference; explicitFileType = wrapper.framework; path = GoogleDataTransport.framework; sourceTree = BUILT_PRODUCTS_DIR; };
		BE7F4AAB270566400081B7C4 /* GoogleUtilities.framework */ = {isa = PBXFileReference; explicitFileType = wrapper.framework; path = GoogleUtilities.framework; sourceTree = BUILT_PRODUCTS_DIR; };
		BE7F4AAC270566400081B7C4 /* grpc.framework */ = {isa = PBXFileReference; explicitFileType = wrapper.framework; path = grpc.framework; sourceTree = BUILT_PRODUCTS_DIR; };
		BE7F4AAD270566400081B7C4 /* gRPCCertificates-Cpp.bundle */ = {isa = PBXFileReference; explicitFileType = wrapper.cfbundle; path = "gRPCCertificates-Cpp.bundle"; sourceTree = BUILT_PRODUCTS_DIR; };
		BE7F4AAE270566400081B7C4 /* grpcpp.framework */ = {isa = PBXFileReference; explicitFileType = wrapper.framework; path = grpcpp.framework; sourceTree = BUILT_PRODUCTS_DIR; };
		BE7F4AAF270566400081B7C4 /* GTMSessionFetcher.framework */ = {isa = PBXFileReference; explicitFileType = wrapper.framework; path = GTMSessionFetcher.framework; sourceTree = BUILT_PRODUCTS_DIR; };
		BE7F4AB0270566400081B7C4 /* KakaoSDKAuth.framework */ = {isa = PBXFileReference; explicitFileType = wrapper.framework; path = KakaoSDKAuth.framework; sourceTree = BUILT_PRODUCTS_DIR; };
		BE7F4AB1270566400081B7C4 /* KakaoSDKCommon.framework */ = {isa = PBXFileReference; explicitFileType = wrapper.framework; path = KakaoSDKCommon.framework; sourceTree = BUILT_PRODUCTS_DIR; };
		BE7F4AB2270566400081B7C4 /* KakaoSDKUser.framework */ = {isa = PBXFileReference; explicitFileType = wrapper.framework; path = KakaoSDKUser.framework; sourceTree = BUILT_PRODUCTS_DIR; };
		BE7F4AB3270566400081B7C4 /* leveldb.framework */ = {isa = PBXFileReference; explicitFileType = wrapper.framework; path = leveldb.framework; sourceTree = BUILT_PRODUCTS_DIR; };
		BE7F4AB4270566400081B7C4 /* nanopb.framework */ = {isa = PBXFileReference; explicitFileType = wrapper.framework; path = nanopb.framework; sourceTree = BUILT_PRODUCTS_DIR; };
		BE7F4AB5270566400081B7C4 /* openssl_grpc.framework */ = {isa = PBXFileReference; explicitFileType = wrapper.framework; path = openssl_grpc.framework; sourceTree = BUILT_PRODUCTS_DIR; };
		BE7F4AF727061F4D0081B7C4 /* ListLineSeparator.swift */ = {isa = PBXFileReference; lastKnownFileType = sourcecode.swift; path = ListLineSeparator.swift; sourceTree = "<group>"; };
		BE8964A8270FFF1000BDC896 /* SuccessAlertView.swift */ = {isa = PBXFileReference; lastKnownFileType = sourcecode.swift; path = SuccessAlertView.swift; sourceTree = "<group>"; };
		BE8964AE271026CD00BDC896 /* SnackDiaryView.swift */ = {isa = PBXFileReference; lastKnownFileType = sourcecode.swift; path = SnackDiaryView.swift; sourceTree = "<group>"; };
		BE8964B02710393D00BDC896 /* SnackFoodInfoRowView.swift */ = {isa = PBXFileReference; lastKnownFileType = sourcecode.swift; path = SnackFoodInfoRowView.swift; sourceTree = "<group>"; };
		BE955E9726E8FC7300FECF2F /* DiaryView.swift */ = {isa = PBXFileReference; lastKnownFileType = sourcecode.swift; path = DiaryView.swift; sourceTree = "<group>"; };
		BEAEDBC5270858B200A54AD4 /* CommerceVIew.swift */ = {isa = PBXFileReference; lastKnownFileType = sourcecode.swift; path = CommerceVIew.swift; sourceTree = "<group>"; };
		BEAEDBC82708A5E000A54AD4 /* DonateView.swift */ = {isa = PBXFileReference; lastKnownFileType = sourcecode.swift; path = DonateView.swift; sourceTree = "<group>"; };
		BEAEDBCA2708C2E800A54AD4 /* ProductView.swift */ = {isa = PBXFileReference; lastKnownFileType = sourcecode.swift; path = ProductView.swift; sourceTree = "<group>"; };
		BEC26DAF26F2F949003CA5F4 /* CustomTabBar.swift */ = {isa = PBXFileReference; lastKnownFileType = sourcecode.swift; path = CustomTabBar.swift; sourceTree = "<group>"; };
		BEC26DB126F2FB19003CA5F4 /* CustomTabView.swift */ = {isa = PBXFileReference; lastKnownFileType = sourcecode.swift; path = CustomTabView.swift; sourceTree = "<group>"; };
		BECFE4EC27205F3400B1C964 /* DateKcalDetailView.swift */ = {isa = PBXFileReference; lastKnownFileType = sourcecode.swift; path = DateKcalDetailView.swift; sourceTree = "<group>"; };
		BECFE4EE27206E9600B1C964 /* MealDetail.swift */ = {isa = PBXFileReference; lastKnownFileType = sourcecode.swift; path = MealDetail.swift; sourceTree = "<group>"; };
		BEE4B98D27171CC20042BEFC /* Launch Screen.storyboard */ = {isa = PBXFileReference; lastKnownFileType = file.storyboard; path = "Launch Screen.storyboard"; sourceTree = "<group>"; };
		BEEF37F1271928C2002B054B /* HomeNavigationBar.swift */ = {isa = PBXFileReference; lastKnownFileType = sourcecode.swift; path = HomeNavigationBar.swift; sourceTree = "<group>"; };
		BEEF37F327192B5B002B054B /* HomeViewModel.swift */ = {isa = PBXFileReference; lastKnownFileType = sourcecode.swift; path = HomeViewModel.swift; sourceTree = "<group>"; };
		BEEF37F52719419F002B054B /* MyPointView.swift */ = {isa = PBXFileReference; lastKnownFileType = sourcecode.swift; path = MyPointView.swift; sourceTree = "<group>"; };
		BEEF37F72719446C002B054B /* HomeProfileView.swift */ = {isa = PBXFileReference; lastKnownFileType = sourcecode.swift; path = HomeProfileView.swift; sourceTree = "<group>"; };
		BEEF37F9271952E2002B054B /* HomeMealBannerView.swift */ = {isa = PBXFileReference; lastKnownFileType = sourcecode.swift; path = HomeMealBannerView.swift; sourceTree = "<group>"; };
		BEEF37FD271995BE002B054B /* CantWriteBanner.swift */ = {isa = PBXFileReference; lastKnownFileType = sourcecode.swift; path = CantWriteBanner.swift; sourceTree = "<group>"; };
		BEEF37FF2719980B002B054B /* CanWriteBanner.swift */ = {isa = PBXFileReference; lastKnownFileType = sourcecode.swift; path = CanWriteBanner.swift; sourceTree = "<group>"; };
		BEEF380127199979002B054B /* TimerBanner.swift */ = {isa = PBXFileReference; lastKnownFileType = sourcecode.swift; path = TimerBanner.swift; sourceTree = "<group>"; };
		BEEF3804271AC800002B054B /* PointInfoPopup.swift */ = {isa = PBXFileReference; lastKnownFileType = sourcecode.swift; path = PointInfoPopup.swift; sourceTree = "<group>"; };
		BEEF3806271ACB3E002B054B /* TimeInfoPopup.swift */ = {isa = PBXFileReference; lastKnownFileType = sourcecode.swift; path = TimeInfoPopup.swift; sourceTree = "<group>"; };
		BEEF3808271AF196002B054B /* GetPointPopup.swift */ = {isa = PBXFileReference; lastKnownFileType = sourcecode.swift; path = GetPointPopup.swift; sourceTree = "<group>"; };
		BEEF380A271AF52D002B054B /* FailPopup.swift */ = {isa = PBXFileReference; lastKnownFileType = sourcecode.swift; path = FailPopup.swift; sourceTree = "<group>"; };
		BEEF380C271B015E002B054B /* ChevronButton.swift */ = {isa = PBXFileReference; lastKnownFileType = sourcecode.swift; path = ChevronButton.swift; sourceTree = "<group>"; };
		BEEF380E271B041B002B054B /* InfoTextFiled.swift */ = {isa = PBXFileReference; lastKnownFileType = sourcecode.swift; path = InfoTextFiled.swift; sourceTree = "<group>"; };
		BEEF3810271B0A2A002B054B /* RadioButton.swift */ = {isa = PBXFileReference; lastKnownFileType = sourcecode.swift; path = RadioButton.swift; sourceTree = "<group>"; };
		BEFE1F8B270B4E8500AA3E47 /* NotificationService.swift */ = {isa = PBXFileReference; lastKnownFileType = sourcecode.swift; path = NotificationService.swift; sourceTree = "<group>"; };
		BEFE1F8D270B4E8500AA3E47 /* Info.plist */ = {isa = PBXFileReference; lastKnownFileType = text.plist.xml; path = Info.plist; sourceTree = "<group>"; };
		BEFE2049270C256D00AA3E47 /* GoogleService-Info.plist */ = {isa = PBXFileReference; fileEncoding = 4; lastKnownFileType = text.plist.xml; path = "GoogleService-Info.plist"; sourceTree = "<group>"; };
		C48B3FBECDCD01B33D59524E /* Pods-Clay_refactor.release.xcconfig */ = {isa = PBXFileReference; includeInIndex = 1; lastKnownFileType = text.xcconfig; name = "Pods-Clay_refactor.release.xcconfig"; path = "Target Support Files/Pods-Clay_refactor/Pods-Clay_refactor.release.xcconfig"; sourceTree = "<group>"; };
		C913E7D3D51D578602FC5F72 /* Pods_Clay_refactorTests.framework */ = {isa = PBXFileReference; explicitFileType = wrapper.framework; includeInIndex = 0; path = Pods_Clay_refactorTests.framework; sourceTree = BUILT_PRODUCTS_DIR; };
		CE5CBACE315E2A3D19E30016 /* Pods_Clay_refactor.framework */ = {isa = PBXFileReference; explicitFileType = wrapper.framework; includeInIndex = 0; path = Pods_Clay_refactor.framework; sourceTree = BUILT_PRODUCTS_DIR; };
/* End PBXFileReference section */

/* Begin PBXFrameworksBuildPhase section */
		BE24E62426E4E0A0003D5DFC /* Frameworks */ = {
			isa = PBXFrameworksBuildPhase;
			buildActionMask = 2147483647;
			files = (
				BEFE203F270BB40300AA3E47 /* DateGrid in Frameworks */,
				BE8964AD271019A600BDC896 /* SwiftUIRefresh in Frameworks */,
				BE7F4AEF270567880081B7C4 /* ConfettiSwiftUI in Frameworks */,
				BE7F4A99270566240081B7C4 /* PopupView in Frameworks */,
				BE267F172714011000D2CB7F /* Kingfisher in Frameworks */,
				BE9147192709E7A0009F1522 /* Alamofire in Frameworks */,
				BEFE203C270BAD5300AA3E47 /* ElegantCalendar in Frameworks */,
				088C843D5D8320BC84C9D090 /* Pods_Clay_refactor.framework in Frameworks */,
			);
			runOnlyForDeploymentPostprocessing = 0;
		};
		BE24E63526E4E0A1003D5DFC /* Frameworks */ = {
			isa = PBXFrameworksBuildPhase;
			buildActionMask = 2147483647;
			files = (
				7C283B4B28D75A655F7B6C12 /* Pods_Clay_refactorTests.framework in Frameworks */,
			);
			runOnlyForDeploymentPostprocessing = 0;
		};
		BE24E64026E4E0A1003D5DFC /* Frameworks */ = {
			isa = PBXFrameworksBuildPhase;
			buildActionMask = 2147483647;
			files = (
				16373FA098A0292EEC79AEC2 /* Pods_Clay_refactor_Clay_refactorUITests.framework in Frameworks */,
			);
			runOnlyForDeploymentPostprocessing = 0;
		};
/* End PBXFrameworksBuildPhase section */

/* Begin PBXGroup section */
		5694BDBB44867D20DFBFEA3E /* Pods */ = {
			isa = PBXGroup;
			children = (
				0EC2E6A99096186CFE772000 /* Pods-Clay_refactor.debug.xcconfig */,
				C48B3FBECDCD01B33D59524E /* Pods-Clay_refactor.release.xcconfig */,
				286CF25C91D76A0C33AAE88E /* Pods-Clay_refactor-Clay_refactorUITests.debug.xcconfig */,
				772D5B1377CD0D04D5A61E19 /* Pods-Clay_refactor-Clay_refactorUITests.release.xcconfig */,
				AA3352281982CC6DE70BD0AE /* Pods-Clay_refactorTests.debug.xcconfig */,
				04F7002C503EC617F52EB26B /* Pods-Clay_refactorTests.release.xcconfig */,
			);
			path = Pods;
			sourceTree = "<group>";
		};
		BE24E61E26E4E0A0003D5DFC = {
			isa = PBXGroup;
			children = (
				BEFE2049270C256D00AA3E47 /* GoogleService-Info.plist */,
				BE24E62926E4E0A0003D5DFC /* Clay_refactor */,
				BE24E63B26E4E0A1003D5DFC /* Clay_refactorTests */,
				BE24E64626E4E0A1003D5DFC /* Clay_refactorUITests */,
				BEFE1F8A270B4E8500AA3E47 /* NotificationTarget */,
				BE24E62826E4E0A0003D5DFC /* Products */,
				5694BDBB44867D20DFBFEA3E /* Pods */,
				FAF6151A86A1DADC475ECD03 /* Frameworks */,
			);
			sourceTree = "<group>";
		};
		BE24E62826E4E0A0003D5DFC /* Products */ = {
			isa = PBXGroup;
			children = (
				BE24E62726E4E0A0003D5DFC /* Clay_refactor.app */,
				BE24E63826E4E0A1003D5DFC /* Clay_refactorTests.xctest */,
				BE24E64326E4E0A1003D5DFC /* Clay_refactorUITests.xctest */,
			);
			name = Products;
			sourceTree = "<group>";
		};
		BE24E62926E4E0A0003D5DFC /* Clay_refactor */ = {
			isa = PBXGroup;
			children = (
				BE69E24B270D6ABD002A90C1 /* MyPage */,
				BE1E7BEA27099E5B0000522D /* Clay_refactor.entitlements */,
				BE24E69326E5035A003D5DFC /* AppDelegate.swift */,
				BE24E68226E4F508003D5DFC /* Main */,
				BE24E65526E4E2B0003D5DFC /* Intro */,
				BE24E6AB26E7122B003D5DFC /* Home */,
				BE51004F26EB2E4000FA9B3D /* Diary */,
				BE51005626EB4FD300FA9B3D /* Community */,
				BE24E68E26E50305003D5DFC /* Server */,
				BE54BBF5270810CC00795644 /* Cemmerce */,
				BE24E62E26E4E0A1003D5DFC /* Assets.xcassets */,
				BE24E63326E4E0A1003D5DFC /* Info.plist */,
				BEAEDBC72708A5CD00A54AD4 /* Donate */,
				BE24E65B26E4E452003D5DFC /* Font */,
				BE24E67D26E4F14C003D5DFC /* Preset */,
				BE24E63026E4E0A1003D5DFC /* Preview Content */,
			);
			path = Clay_refactor;
			sourceTree = "<group>";
		};
		BE24E63026E4E0A1003D5DFC /* Preview Content */ = {
			isa = PBXGroup;
			children = (
				BE24E63126E4E0A1003D5DFC /* Preview Assets.xcassets */,
			);
			path = "Preview Content";
			sourceTree = "<group>";
		};
		BE24E63B26E4E0A1003D5DFC /* Clay_refactorTests */ = {
			isa = PBXGroup;
			children = (
				BE24E63C26E4E0A1003D5DFC /* Clay_refactorTests.swift */,
				BE24E63E26E4E0A1003D5DFC /* Info.plist */,
			);
			path = Clay_refactorTests;
			sourceTree = "<group>";
		};
		BE24E64626E4E0A1003D5DFC /* Clay_refactorUITests */ = {
			isa = PBXGroup;
			children = (
				BE24E64726E4E0A1003D5DFC /* Clay_refactorUITests.swift */,
				BE24E64926E4E0A1003D5DFC /* Info.plist */,
			);
			path = Clay_refactorUITests;
			sourceTree = "<group>";
		};
		BE24E65526E4E2B0003D5DFC /* Intro */ = {
			isa = PBXGroup;
			children = (
				BE24E67226E4E63E003D5DFC /* FirstLaunchComment */,
				BE24E67A26E4F0E0003D5DFC /* GetBodyInfo */,
				BE24E67726E4EE42003D5DFC /* Sign */,
			);
			path = Intro;
			sourceTree = "<group>";
		};
		BE24E65B26E4E452003D5DFC /* Font */ = {
			isa = PBXGroup;
			children = (
				BE3FDF79270ED17400BF1C7C /* EliceDigitalBaeum_Bold.ttf */,
				BE3FDF78270ED17400BF1C7C /* EliceDigitalBaeum_Regular.ttf */,
				BE50E04026F21EE4001327C0 /* NanumSquareBold.ttf */,
				BE50E04226F21EE4001327C0 /* NanumSquareExtraBold.ttf */,
				BE50E04326F21EE4001327C0 /* NanumSquareLight.ttf */,
				BE50E04126F21EE4001327C0 /* NanumSquareRegular.ttf */,
				BE24E65D26E4E4C9003D5DFC /* Pretendard-Black.otf */,
				BE24E66626E4E4C9003D5DFC /* Pretendard-Bold.otf */,
				BE24E65C26E4E4C9003D5DFC /* Pretendard-ExtraBold.otf */,
				BE24E66026E4E4C9003D5DFC /* Pretendard-ExtraLight.otf */,
				BE24E66226E4E4C9003D5DFC /* Pretendard-Light.otf */,
				BE24E66326E4E4C9003D5DFC /* Pretendard-Medium.otf */,
				BE24E66426E4E4C9003D5DFC /* Pretendard-Regular.otf */,
				BE24E66526E4E4C9003D5DFC /* Pretendard-SemiBold.otf */,
				BE24E65E26E4E4C9003D5DFC /* Pretendard-Thin.otf */,
				BE24E65826E4E445003D5DFC /* Font.swift */,
			);
			path = Font;
			sourceTree = "<group>";
		};
		BE24E67226E4E63E003D5DFC /* FirstLaunchComment */ = {
			isa = PBXGroup;
			children = (
				BE24E65626E4E2C4003D5DFC /* FirstLaunchView.swift */,
			);
			path = FirstLaunchComment;
			sourceTree = "<group>";
		};
		BE24E67726E4EE42003D5DFC /* Sign */ = {
			isa = PBXGroup;
			children = (
				BE24E68526E4FCD4003D5DFC /* SignAppViewModel.swift */,
				BE24E68926E4FD8F003D5DFC /* SignErrorView */,
				BE24E67826E4EE59003D5DFC /* AreYouFirstView.swift */,
				BE24E69D26E59FB8003D5DFC /* SignInView.swift */,
				BE24E68326E4FC89003D5DFC /* SignUpView.swift */,
				BE24E6A126E5A14C003D5DFC /* ResetPassword.swift */,
				BE24E69526E50ADB003D5DFC /* LogoutBtn.swift */,
				BE24E69726E50FBE003D5DFC /* signAndMain.swift */,
				BEE4B98D27171CC20042BEFC /* Launch Screen.storyboard */,
			);
			path = Sign;
			sourceTree = "<group>";
		};
		BE24E67A26E4F0E0003D5DFC /* GetBodyInfo */ = {
			isa = PBXGroup;
			children = (
				BE24E67B26E4F0F3003D5DFC /* GetBodyInfoView.swift */,
				BE53235726F6CD4000D3FB91 /* GetBodyInfoReport.swift */,
				BE24E68026E4F212003D5DFC /* UserData.swift */,
				BEEF3812271B0EC2002B054B /* Preset */,
			);
			path = GetBodyInfo;
			sourceTree = "<group>";
		};
		BE24E67D26E4F14C003D5DFC /* Preset */ = {
			isa = PBXGroup;
			children = (
				BE24E67E26E4F15E003D5DFC /* MoveAndFade.swift */,
				BE24E68726E4FD5A003D5DFC /* Loader.swift */,
				BE24E69B26E59CE0003D5DFC /* PageControl.swift */,
				BE7F4AF727061F4D0081B7C4 /* ListLineSeparator.swift */,
				BE8964A8270FFF1000BDC896 /* SuccessAlertView.swift */,
			);
			path = Preset;
			sourceTree = "<group>";
		};
		BE24E68226E4F508003D5DFC /* Main */ = {
			isa = PBXGroup;
			children = (
				BE24E62C26E4E0A0003D5DFC /* Main.swift */,
				BE24E62A26E4E0A0003D5DFC /* Clay_refactorApp.swift */,
			);
			path = Main;
			sourceTree = "<group>";
		};
		BE24E68926E4FD8F003D5DFC /* SignErrorView */ = {
			isa = PBXGroup;
			children = (
				BE24E68A26E4FD9E003D5DFC /* WrongRegisterErrorView.swift */,
				BE24E69F26E5A01E003D5DFC /* WrongIDErrorBiew.swift */,
				BE24E6A326E5A17B003D5DFC /* WrongResetPassword.swift */,
				BE24E6A526E5A1D0003D5DFC /* ResetSuccess.swift */,
				BE24E6A926E6EDAC003D5DFC /* SignSuccessView.swift */,
			);
			path = SignErrorView;
			sourceTree = "<group>";
		};
		BE24E68E26E50305003D5DFC /* Server */ = {
			isa = PBXGroup;
			children = (
				BE24E68F26E50312003D5DFC /* FirebaseData.swift */,
				BE24E69126E5032A003D5DFC /* ThreadDataType.swift */,
				BE51005026EB374700FA9B3D /* FirebaseImageView.swift */,
				BE69E249270C70A7002A90C1 /* CalendarDataType.swift */,
			);
			path = Server;
			sourceTree = "<group>";
		};
		BE24E6AB26E7122B003D5DFC /* Home */ = {
			isa = PBXGroup;
			children = (
				BEC26DAF26F2F949003CA5F4 /* CustomTabBar.swift */,
				BEC26DB126F2FB19003CA5F4 /* CustomTabView.swift */,
				BE24E6AC26E71234003D5DFC /* HomeView.swift */,
				BEEF37FB271994C8002B054B /* ViewModel */,
				BE50E04826F222BD001327C0 /* Calendar */,
				BEC26DAE26F2F92B003CA5F4 /* Banner */,
				BEEF3803271AC7CB002B054B /* PopUp */,
			);
			path = Home;
			sourceTree = "<group>";
		};
		BE50E04826F222BD001327C0 /* Calendar */ = {
			isa = PBXGroup;
			children = (
				BE69E247270C3880002A90C1 /* Task.swift */,
				BE69E245270C3871002A90C1 /* DateValue.swift */,
				BE69E243270C384D002A90C1 /* CustomDatePicker.swift */,
				BECFE4EC27205F3400B1C964 /* DateKcalDetailView.swift */,
				BECFE4EE27206E9600B1C964 /* MealDetail.swift */,
			);
			path = Calendar;
			sourceTree = "<group>";
		};
		BE51004F26EB2E4000FA9B3D /* Diary */ = {
			isa = PBXGroup;
			children = (
				BE51005F26EB8FF500FA9B3D /* API */,
				BE955E9726E8FC7300FECF2F /* DiaryView.swift */,
				BE8964AE271026CD00BDC896 /* SnackDiaryView.swift */,
				BE51005226EB37A700FA9B3D /* Camera.swift */,
				BE5313BB26F0368C0090C4C0 /* ImagePicker.swift */,
				BE51005426EB386300FA9B3D /* ContentView.swift */,
			);
			path = Diary;
			sourceTree = "<group>";
		};
		BE51005626EB4FD300FA9B3D /* Community */ = {
			isa = PBXGroup;
			children = (
				BE51005726EB502100FA9B3D /* Friend.swift */,
				BE51005926EB507900FA9B3D /* FriendView.swift */,
				BE51005B26EB533E00FA9B3D /* FriendDataType.swift */,
			);
			path = Community;
			sourceTree = "<group>";
		};
		BE51005F26EB8FF500FA9B3D /* API */ = {
			isa = PBXGroup;
			children = (
				BE5100D826EE2D6B00FA9B3D /* FoodInfoViewModel.swift */,
				BE51006026EB974E00FA9B3D /* FoodInfoResponse.swift */,
				BE5100DA26EE2D8B00FA9B3D /* FoodInfoRowView.swift */,
				BE4E068D27201A8A001DAD31 /* NutritionAddView.swift */,
				BE8964B02710393D00BDC896 /* SnackFoodInfoRowView.swift */,
				BE4E068F2720336B001DAD31 /* SnackNutritionAddView.swift */,
				BE4E0689271D85E9001DAD31 /* DietAddSuccessAlert.swift */,
				BE50E00726F1B1E2001327C0 /* FoodSelectSuccessView.swift */,
			);
			path = API;
			sourceTree = "<group>";
		};
		BE54BBF5270810CC00795644 /* Cemmerce */ = {
			isa = PBXGroup;
			children = (
				BEAEDBC5270858B200A54AD4 /* CommerceVIew.swift */,
				BEAEDBCA2708C2E800A54AD4 /* ProductView.swift */,
			);
			path = Cemmerce;
			sourceTree = "<group>";
		};
		BE69E24B270D6ABD002A90C1 /* MyPage */ = {
			isa = PBXGroup;
			children = (
				BE69E24C270D6ACF002A90C1 /* MyPageView.swift */,
				BE2D462C27114FC80006E864 /* ProfileImagePicker.swift */,
			);
			path = MyPage;
			sourceTree = "<group>";
		};
		BEAEDBC72708A5CD00A54AD4 /* Donate */ = {
			isa = PBXGroup;
			children = (
				BEAEDBC82708A5E000A54AD4 /* DonateView.swift */,
			);
			path = Donate;
			sourceTree = "<group>";
		};
		BEC26DAE26F2F92B003CA5F4 /* Banner */ = {
			isa = PBXGroup;
			children = (
				BEEF37F1271928C2002B054B /* HomeNavigationBar.swift */,
				BE4E0683271BC980001DAD31 /* TodayBanner.swift */,
				BEEF37F52719419F002B054B /* MyPointView.swift */,
				BEEF37F72719446C002B054B /* HomeProfileView.swift */,
				BEEF37F9271952E2002B054B /* HomeMealBannerView.swift */,
				BE4E0684271BC980001DAD31 /* BlurView.swift */,
				BEEF37FC2719958C002B054B /* MealBanner */,
			);
			path = Banner;
			sourceTree = "<group>";
		};
		BEEF37FB271994C8002B054B /* ViewModel */ = {
			isa = PBXGroup;
			children = (
				BEEF37F327192B5B002B054B /* HomeViewModel.swift */,
			);
			path = ViewModel;
			sourceTree = "<group>";
		};
		BEEF37FC2719958C002B054B /* MealBanner */ = {
			isa = PBXGroup;
			children = (
				BEEF37FD271995BE002B054B /* CantWriteBanner.swift */,
				BEEF37FF2719980B002B054B /* CanWriteBanner.swift */,
				BEEF380127199979002B054B /* TimerBanner.swift */,
			);
			path = MealBanner;
			sourceTree = "<group>";
		};
		BEEF3803271AC7CB002B054B /* PopUp */ = {
			isa = PBXGroup;
			children = (
				BEEF3804271AC800002B054B /* PointInfoPopup.swift */,
				BEEF3806271ACB3E002B054B /* TimeInfoPopup.swift */,
				BEEF3808271AF196002B054B /* GetPointPopup.swift */,
				BEEF380A271AF52D002B054B /* FailPopup.swift */,
				BE4E0687271D8478001DAD31 /* DietCompletePopup.swift */,
			);
			path = PopUp;
			sourceTree = "<group>";
		};
		BEEF3812271B0EC2002B054B /* Preset */ = {
			isa = PBXGroup;
			children = (
				BEEF380C271B015E002B054B /* ChevronButton.swift */,
				BEEF380E271B041B002B054B /* InfoTextFiled.swift */,
				BEEF3810271B0A2A002B054B /* RadioButton.swift */,
			);
			path = Preset;
			sourceTree = "<group>";
		};
		BEFE1F8A270B4E8500AA3E47 /* NotificationTarget */ = {
			isa = PBXGroup;
			children = (
				BEFE1F8B270B4E8500AA3E47 /* NotificationService.swift */,
				BEFE1F8D270B4E8500AA3E47 /* Info.plist */,
			);
			path = NotificationTarget;
			sourceTree = "<group>";
		};
		FAF6151A86A1DADC475ECD03 /* Frameworks */ = {
			isa = PBXGroup;
			children = (
				BE7F4A9E270566400081B7C4 /* absl.framework */,
				BE7F4A9F270566400081B7C4 /* Alamofire.framework */,
				BE7F4AA0270566400081B7C4 /* ExytePopupView.framework */,
				BE7F4AA1270566400081B7C4 /* FBLPromises.framework */,
				BE7F4AA2270566400081B7C4 /* FirebaseAnalytics.xcframework */,
				BE7F4AA3270566400081B7C4 /* FirebaseAuth.framework */,
				BE7F4AA4270566400081B7C4 /* FirebaseCore.framework */,
				BE7F4AA5270566400081B7C4 /* FirebaseCoreDiagnostics.framework */,
				BE7F4AA6270566400081B7C4 /* FirebaseFirestore.framework */,
				BE7F4AA7270566400081B7C4 /* FirebaseInstallations.framework */,
				BE7F4AA8270566400081B7C4 /* FirebaseStorage.framework */,
				BE7F4AA9270566400081B7C4 /* GoogleAppMeasurement.xcframework */,
				BE7F4AAA270566400081B7C4 /* GoogleDataTransport.framework */,
				BE7F4AAB270566400081B7C4 /* GoogleUtilities.framework */,
				BE7F4AAC270566400081B7C4 /* grpc.framework */,
				BE7F4AAD270566400081B7C4 /* gRPCCertificates-Cpp.bundle */,
				BE7F4AAE270566400081B7C4 /* grpcpp.framework */,
				BE7F4AAF270566400081B7C4 /* GTMSessionFetcher.framework */,
				BE7F4AB0270566400081B7C4 /* KakaoSDKAuth.framework */,
				BE7F4AB1270566400081B7C4 /* KakaoSDKCommon.framework */,
				BE7F4AB2270566400081B7C4 /* KakaoSDKUser.framework */,
				BE7F4AB3270566400081B7C4 /* leveldb.framework */,
				BE7F4AB4270566400081B7C4 /* nanopb.framework */,
				BE7F4AB5270566400081B7C4 /* openssl_grpc.framework */,
				CE5CBACE315E2A3D19E30016 /* Pods_Clay_refactor.framework */,
				6F5C8D1CD1A9F5184165CF3D /* Pods_Clay_refactor_Clay_refactorUITests.framework */,
				C913E7D3D51D578602FC5F72 /* Pods_Clay_refactorTests.framework */,
			);
			name = Frameworks;
			sourceTree = "<group>";
		};
/* End PBXGroup section */

/* Begin PBXNativeTarget section */
		BE24E62626E4E0A0003D5DFC /* Clay_refactor */ = {
			isa = PBXNativeTarget;
			buildConfigurationList = BE24E64C26E4E0A1003D5DFC /* Build configuration list for PBXNativeTarget "Clay_refactor" */;
			buildPhases = (
				51624A4EB011B0ABA1875848 /* [CP] Check Pods Manifest.lock */,
				BE24E62326E4E0A0003D5DFC /* Sources */,
				BE24E62426E4E0A0003D5DFC /* Frameworks */,
				BE24E62526E4E0A0003D5DFC /* Resources */,
				BE7F4AF1270567880081B7C4 /* Embed Frameworks */,
				BEFE1F91270B4E8500AA3E47 /* Embed App Extensions */,
				4E8AE7F2FBCE954AC1407628 /* [CP] Embed Pods Frameworks */,
			);
			buildRules = (
			);
			dependencies = (
			);
			name = Clay_refactor;
			packageProductDependencies = (
				BE7F4A98270566240081B7C4 /* PopupView */,
				BE7F4AEE270567880081B7C4 /* ConfettiSwiftUI */,
				BE9147182709E7A0009F1522 /* Alamofire */,
				BEFE203B270BAD5300AA3E47 /* ElegantCalendar */,
				BEFE203E270BB40300AA3E47 /* DateGrid */,
				BE8964AC271019A600BDC896 /* SwiftUIRefresh */,
				BE267F162714011000D2CB7F /* Kingfisher */,
			);
			productName = Clay_refactor;
			productReference = BE24E62726E4E0A0003D5DFC /* Clay_refactor.app */;
			productType = "com.apple.product-type.application";
		};
		BE24E63726E4E0A1003D5DFC /* Clay_refactorTests */ = {
			isa = PBXNativeTarget;
			buildConfigurationList = BE24E64F26E4E0A1003D5DFC /* Build configuration list for PBXNativeTarget "Clay_refactorTests" */;
			buildPhases = (
				A9A4EAD123BE5D4038A5D0D5 /* [CP] Check Pods Manifest.lock */,
				BE24E63426E4E0A1003D5DFC /* Sources */,
				BE24E63526E4E0A1003D5DFC /* Frameworks */,
				BE24E63626E4E0A1003D5DFC /* Resources */,
			);
			buildRules = (
			);
			dependencies = (
				BE24E63A26E4E0A1003D5DFC /* PBXTargetDependency */,
			);
			name = Clay_refactorTests;
			productName = Clay_refactorTests;
			productReference = BE24E63826E4E0A1003D5DFC /* Clay_refactorTests.xctest */;
			productType = "com.apple.product-type.bundle.unit-test";
		};
		BE24E64226E4E0A1003D5DFC /* Clay_refactorUITests */ = {
			isa = PBXNativeTarget;
			buildConfigurationList = BE24E65226E4E0A1003D5DFC /* Build configuration list for PBXNativeTarget "Clay_refactorUITests" */;
			buildPhases = (
				E1932B75B0A777EEF0511B02 /* [CP] Check Pods Manifest.lock */,
				BE24E63F26E4E0A1003D5DFC /* Sources */,
				BE24E64026E4E0A1003D5DFC /* Frameworks */,
				BE24E64126E4E0A1003D5DFC /* Resources */,
				965D0BDB74BC58B38D8975C3 /* [CP] Embed Pods Frameworks */,
			);
			buildRules = (
			);
			dependencies = (
				BE24E64526E4E0A1003D5DFC /* PBXTargetDependency */,
			);
			name = Clay_refactorUITests;
			productName = Clay_refactorUITests;
			productReference = BE24E64326E4E0A1003D5DFC /* Clay_refactorUITests.xctest */;
			productType = "com.apple.product-type.bundle.ui-testing";
		};
/* End PBXNativeTarget section */

/* Begin PBXProject section */
		BE24E61F26E4E0A0003D5DFC /* Project object */ = {
			isa = PBXProject;
			attributes = {
				LastSwiftUpdateCheck = 1300;
				LastUpgradeCheck = 1250;
				TargetAttributes = {
					BE24E62626E4E0A0003D5DFC = {
						CreatedOnToolsVersion = 12.5.1;
					};
					BE24E63726E4E0A1003D5DFC = {
						CreatedOnToolsVersion = 12.5.1;
						TestTargetID = BE24E62626E4E0A0003D5DFC;
					};
					BE24E64226E4E0A1003D5DFC = {
						CreatedOnToolsVersion = 12.5.1;
						TestTargetID = BE24E62626E4E0A0003D5DFC;
					};
				};
			};
			buildConfigurationList = BE24E62226E4E0A0003D5DFC /* Build configuration list for PBXProject "Clay_refactor" */;
			compatibilityVersion = "Xcode 9.3";
			developmentRegion = en;
			hasScannedForEncodings = 0;
			knownRegions = (
				en,
				Base,
			);
			mainGroup = BE24E61E26E4E0A0003D5DFC;
			packageReferences = (
				BE18A1372704550F00FC7B6D /* XCRemoteSwiftPackageReference "ConfettiSwiftUI" */,
				BE18A13A2704779D00FC7B6D /* XCRemoteSwiftPackageReference "PopupView" */,
				BE9147172709E7A0009F1522 /* XCRemoteSwiftPackageReference "Alamofire" */,
				BEFE203A270BAD5200AA3E47 /* XCRemoteSwiftPackageReference "ElegantCalendar" */,
				BEFE203D270BB40300AA3E47 /* XCRemoteSwiftPackageReference "DateGrid" */,
				BE8964AB271019A500BDC896 /* XCRemoteSwiftPackageReference "SwiftUIRefresh" */,
				BE267F152714011000D2CB7F /* XCRemoteSwiftPackageReference "Kingfisher" */,
			);
			productRefGroup = BE24E62826E4E0A0003D5DFC /* Products */;
			projectDirPath = "";
			projectRoot = "";
			targets = (
				BE24E62626E4E0A0003D5DFC /* Clay_refactor */,
				BE24E63726E4E0A1003D5DFC /* Clay_refactorTests */,
				BE24E64226E4E0A1003D5DFC /* Clay_refactorUITests */,
			);
		};
/* End PBXProject section */

/* Begin PBXResourcesBuildPhase section */
		BE24E62526E4E0A0003D5DFC /* Resources */ = {
			isa = PBXResourcesBuildPhase;
			buildActionMask = 2147483647;
			files = (
				BE50E04426F21EE4001327C0 /* NanumSquareBold.ttf in Resources */,
				BE24E67126E4E4C9003D5DFC /* Pretendard-Bold.otf in Resources */,
				BEE4B98E27171CC20042BEFC /* Launch Screen.storyboard in Resources */,
				BE24E66E26E4E4C9003D5DFC /* Pretendard-Medium.otf in Resources */,
				BE50E04726F21EE4001327C0 /* NanumSquareLight.ttf in Resources */,
				BE24E66B26E4E4C9003D5DFC /* Pretendard-ExtraLight.otf in Resources */,
				BE24E67026E4E4C9003D5DFC /* Pretendard-SemiBold.otf in Resources */,
				BE50E04626F21EE4001327C0 /* NanumSquareExtraBold.ttf in Resources */,
				BE24E63226E4E0A1003D5DFC /* Preview Assets.xcassets in Resources */,
				BE24E66926E4E4C9003D5DFC /* Pretendard-Thin.otf in Resources */,
				BEFE204A270C256D00AA3E47 /* GoogleService-Info.plist in Resources */,
				BE24E62F26E4E0A1003D5DFC /* Assets.xcassets in Resources */,
				BE24E66826E4E4C9003D5DFC /* Pretendard-Black.otf in Resources */,
				BE24E66F26E4E4C9003D5DFC /* Pretendard-Regular.otf in Resources */,
				BE50E04526F21EE4001327C0 /* NanumSquareRegular.ttf in Resources */,
				BE24E66726E4E4C9003D5DFC /* Pretendard-ExtraBold.otf in Resources */,
				BE24E66D26E4E4C9003D5DFC /* Pretendard-Light.otf in Resources */,
			);
			runOnlyForDeploymentPostprocessing = 0;
		};
		BE24E63626E4E0A1003D5DFC /* Resources */ = {
			isa = PBXResourcesBuildPhase;
			buildActionMask = 2147483647;
			files = (
			);
			runOnlyForDeploymentPostprocessing = 0;
		};
		BE24E64126E4E0A1003D5DFC /* Resources */ = {
			isa = PBXResourcesBuildPhase;
			buildActionMask = 2147483647;
			files = (
			);
			runOnlyForDeploymentPostprocessing = 0;
		};
/* End PBXResourcesBuildPhase section */

/* Begin PBXShellScriptBuildPhase section */
		4E8AE7F2FBCE954AC1407628 /* [CP] Embed Pods Frameworks */ = {
			isa = PBXShellScriptBuildPhase;
			buildActionMask = 2147483647;
			files = (
			);
			inputFileListPaths = (
				"${PODS_ROOT}/Target Support Files/Pods-Clay_refactor/Pods-Clay_refactor-frameworks-${CONFIGURATION}-input-files.xcfilelist",
			);
			name = "[CP] Embed Pods Frameworks";
			outputFileListPaths = (
				"${PODS_ROOT}/Target Support Files/Pods-Clay_refactor/Pods-Clay_refactor-frameworks-${CONFIGURATION}-output-files.xcfilelist",
			);
			runOnlyForDeploymentPostprocessing = 0;
			shellPath = /bin/sh;
			shellScript = "\"${PODS_ROOT}/Target Support Files/Pods-Clay_refactor/Pods-Clay_refactor-frameworks.sh\"\n";
			showEnvVarsInLog = 0;
		};
		51624A4EB011B0ABA1875848 /* [CP] Check Pods Manifest.lock */ = {
			isa = PBXShellScriptBuildPhase;
			buildActionMask = 2147483647;
			files = (
			);
			inputFileListPaths = (
			);
			inputPaths = (
				"${PODS_PODFILE_DIR_PATH}/Podfile.lock",
				"${PODS_ROOT}/Manifest.lock",
			);
			name = "[CP] Check Pods Manifest.lock";
			outputFileListPaths = (
			);
			outputPaths = (
				"$(DERIVED_FILE_DIR)/Pods-Clay_refactor-checkManifestLockResult.txt",
			);
			runOnlyForDeploymentPostprocessing = 0;
			shellPath = /bin/sh;
			shellScript = "diff \"${PODS_PODFILE_DIR_PATH}/Podfile.lock\" \"${PODS_ROOT}/Manifest.lock\" > /dev/null\nif [ $? != 0 ] ; then\n    # print error to STDERR\n    echo \"error: The sandbox is not in sync with the Podfile.lock. Run 'pod install' or update your CocoaPods installation.\" >&2\n    exit 1\nfi\n# This output is used by Xcode 'outputs' to avoid re-running this script phase.\necho \"SUCCESS\" > \"${SCRIPT_OUTPUT_FILE_0}\"\n";
			showEnvVarsInLog = 0;
		};
		965D0BDB74BC58B38D8975C3 /* [CP] Embed Pods Frameworks */ = {
			isa = PBXShellScriptBuildPhase;
			buildActionMask = 2147483647;
			files = (
			);
			inputFileListPaths = (
				"${PODS_ROOT}/Target Support Files/Pods-Clay_refactor-Clay_refactorUITests/Pods-Clay_refactor-Clay_refactorUITests-frameworks-${CONFIGURATION}-input-files.xcfilelist",
			);
			name = "[CP] Embed Pods Frameworks";
			outputFileListPaths = (
				"${PODS_ROOT}/Target Support Files/Pods-Clay_refactor-Clay_refactorUITests/Pods-Clay_refactor-Clay_refactorUITests-frameworks-${CONFIGURATION}-output-files.xcfilelist",
			);
			runOnlyForDeploymentPostprocessing = 0;
			shellPath = /bin/sh;
			shellScript = "\"${PODS_ROOT}/Target Support Files/Pods-Clay_refactor-Clay_refactorUITests/Pods-Clay_refactor-Clay_refactorUITests-frameworks.sh\"\n";
			showEnvVarsInLog = 0;
		};
		A9A4EAD123BE5D4038A5D0D5 /* [CP] Check Pods Manifest.lock */ = {
			isa = PBXShellScriptBuildPhase;
			buildActionMask = 2147483647;
			files = (
			);
			inputFileListPaths = (
			);
			inputPaths = (
				"${PODS_PODFILE_DIR_PATH}/Podfile.lock",
				"${PODS_ROOT}/Manifest.lock",
			);
			name = "[CP] Check Pods Manifest.lock";
			outputFileListPaths = (
			);
			outputPaths = (
				"$(DERIVED_FILE_DIR)/Pods-Clay_refactorTests-checkManifestLockResult.txt",
			);
			runOnlyForDeploymentPostprocessing = 0;
			shellPath = /bin/sh;
			shellScript = "diff \"${PODS_PODFILE_DIR_PATH}/Podfile.lock\" \"${PODS_ROOT}/Manifest.lock\" > /dev/null\nif [ $? != 0 ] ; then\n    # print error to STDERR\n    echo \"error: The sandbox is not in sync with the Podfile.lock. Run 'pod install' or update your CocoaPods installation.\" >&2\n    exit 1\nfi\n# This output is used by Xcode 'outputs' to avoid re-running this script phase.\necho \"SUCCESS\" > \"${SCRIPT_OUTPUT_FILE_0}\"\n";
			showEnvVarsInLog = 0;
		};
		E1932B75B0A777EEF0511B02 /* [CP] Check Pods Manifest.lock */ = {
			isa = PBXShellScriptBuildPhase;
			buildActionMask = 2147483647;
			files = (
			);
			inputFileListPaths = (
			);
			inputPaths = (
				"${PODS_PODFILE_DIR_PATH}/Podfile.lock",
				"${PODS_ROOT}/Manifest.lock",
			);
			name = "[CP] Check Pods Manifest.lock";
			outputFileListPaths = (
			);
			outputPaths = (
				"$(DERIVED_FILE_DIR)/Pods-Clay_refactor-Clay_refactorUITests-checkManifestLockResult.txt",
			);
			runOnlyForDeploymentPostprocessing = 0;
			shellPath = /bin/sh;
			shellScript = "diff \"${PODS_PODFILE_DIR_PATH}/Podfile.lock\" \"${PODS_ROOT}/Manifest.lock\" > /dev/null\nif [ $? != 0 ] ; then\n    # print error to STDERR\n    echo \"error: The sandbox is not in sync with the Podfile.lock. Run 'pod install' or update your CocoaPods installation.\" >&2\n    exit 1\nfi\n# This output is used by Xcode 'outputs' to avoid re-running this script phase.\necho \"SUCCESS\" > \"${SCRIPT_OUTPUT_FILE_0}\"\n";
			showEnvVarsInLog = 0;
		};
/* End PBXShellScriptBuildPhase section */

/* Begin PBXSourcesBuildPhase section */
		BE24E62326E4E0A0003D5DFC /* Sources */ = {
			isa = PBXSourcesBuildPhase;
			buildActionMask = 2147483647;
			files = (
				BE24E65926E4E445003D5DFC /* Font.swift in Sources */,
				BE69E248270C3880002A90C1 /* Task.swift in Sources */,
				BE24E69226E5032A003D5DFC /* ThreadDataType.swift in Sources */,
				BEEF37F82719446C002B054B /* HomeProfileView.swift in Sources */,
				BE24E65726E4E2C4003D5DFC /* FirstLaunchView.swift in Sources */,
				BE24E69426E5035A003D5DFC /* AppDelegate.swift in Sources */,
				BE955E9826E8FC7300FECF2F /* DiaryView.swift in Sources */,
				BE2D462D27114FC80006E864 /* ProfileImagePicker.swift in Sources */,
				BE69E246270C3871002A90C1 /* DateValue.swift in Sources */,
				BE24E68126E4F212003D5DFC /* UserData.swift in Sources */,
				BEEF380F271B041B002B054B /* InfoTextFiled.swift in Sources */,
				BE24E6AA26E6EDAC003D5DFC /* SignSuccessView.swift in Sources */,
				BEAEDBC6270858B200A54AD4 /* CommerceVIew.swift in Sources */,
				BEEF3807271ACB3E002B054B /* TimeInfoPopup.swift in Sources */,
				BE69E24D270D6ACF002A90C1 /* MyPageView.swift in Sources */,
				BE24E62D26E4E0A0003D5DFC /* Main.swift in Sources */,
				BE51005A26EB507900FA9B3D /* FriendView.swift in Sources */,
				BE24E67F26E4F15E003D5DFC /* MoveAndFade.swift in Sources */,
				BEEF380B271AF52D002B054B /* FailPopup.swift in Sources */,
				BE51005526EB386300FA9B3D /* ContentView.swift in Sources */,
				BE53235826F6CD4000D3FB91 /* GetBodyInfoReport.swift in Sources */,
				BE24E6AD26E71234003D5DFC /* HomeView.swift in Sources */,
				BEEF37FA271952E2002B054B /* HomeMealBannerView.swift in Sources */,
				BE51005826EB502100FA9B3D /* Friend.swift in Sources */,
				BE24E67926E4EE59003D5DFC /* AreYouFirstView.swift in Sources */,
				BE51006126EB974E00FA9B3D /* FoodInfoResponse.swift in Sources */,
				BE24E6A626E5A1D0003D5DFC /* ResetSuccess.swift in Sources */,
				BE24E69626E50ADB003D5DFC /* LogoutBtn.swift in Sources */,
				BE24E62B26E4E0A0003D5DFC /* Clay_refactorApp.swift in Sources */,
				BE8964A9270FFF1000BDC896 /* SuccessAlertView.swift in Sources */,
				BEEF380D271B015E002B054B /* ChevronButton.swift in Sources */,
				BE51005326EB37A700FA9B3D /* Camera.swift in Sources */,
				BEEF380227199979002B054B /* TimerBanner.swift in Sources */,
				BE24E68626E4FCD4003D5DFC /* SignAppViewModel.swift in Sources */,
				BE24E68826E4FD5A003D5DFC /* Loader.swift in Sources */,
				BE69E244270C384D002A90C1 /* CustomDatePicker.swift in Sources */,
				BEAEDBCB2708C2E800A54AD4 /* ProductView.swift in Sources */,
				BEEF37F62719419F002B054B /* MyPointView.swift in Sources */,
				BE4E06902720336B001DAD31 /* SnackNutritionAddView.swift in Sources */,
				BE51005126EB374700FA9B3D /* FirebaseImageView.swift in Sources */,
				BECFE4ED27205F3400B1C964 /* DateKcalDetailView.swift in Sources */,
				BEEF38002719980B002B054B /* CanWriteBanner.swift in Sources */,
				BE4E068A271D85E9001DAD31 /* DietAddSuccessAlert.swift in Sources */,
				BE24E68426E4FC89003D5DFC /* SignUpView.swift in Sources */,
				BE50E00826F1B1E2001327C0 /* FoodSelectSuccessView.swift in Sources */,
				BE5313BC26F0368C0090C4C0 /* ImagePicker.swift in Sources */,
				BEC26DB226F2FB19003CA5F4 /* CustomTabView.swift in Sources */,
				BE8964AF271026CD00BDC896 /* SnackDiaryView.swift in Sources */,
				BE24E69E26E59FB8003D5DFC /* SignInView.swift in Sources */,
				BEEF37F2271928C2002B054B /* HomeNavigationBar.swift in Sources */,
				BE4E0688271D8478001DAD31 /* DietCompletePopup.swift in Sources */,
				BE51005C26EB533E00FA9B3D /* FriendDataType.swift in Sources */,
				BEEF37FE271995BE002B054B /* CantWriteBanner.swift in Sources */,
				BE24E68B26E4FD9E003D5DFC /* WrongRegisterErrorView.swift in Sources */,
				BEC26DB026F2F949003CA5F4 /* CustomTabBar.swift in Sources */,
				BEEF37F427192B5B002B054B /* HomeViewModel.swift in Sources */,
				BE24E6A426E5A17B003D5DFC /* WrongResetPassword.swift in Sources */,
				BE24E6A226E5A14C003D5DFC /* ResetPassword.swift in Sources */,
				BE4E068E27201A8A001DAD31 /* NutritionAddView.swift in Sources */,
				BE5100DB26EE2D8B00FA9B3D /* FoodInfoRowView.swift in Sources */,
				BE24E69026E50312003D5DFC /* FirebaseData.swift in Sources */,
				BE69E24A270C70A7002A90C1 /* CalendarDataType.swift in Sources */,
				BE4E0686271BC980001DAD31 /* BlurView.swift in Sources */,
				BE24E69826E50FBE003D5DFC /* signAndMain.swift in Sources */,
				BEAEDBC92708A5E000A54AD4 /* DonateView.swift in Sources */,
				BE5100D926EE2D6B00FA9B3D /* FoodInfoViewModel.swift in Sources */,
				BE4E0685271BC980001DAD31 /* TodayBanner.swift in Sources */,
				BE7F4AF827061F4D0081B7C4 /* ListLineSeparator.swift in Sources */,
				BEEF3809271AF196002B054B /* GetPointPopup.swift in Sources */,
				BECFE4EF27206E9600B1C964 /* MealDetail.swift in Sources */,
				BE24E67C26E4F0F3003D5DFC /* GetBodyInfoView.swift in Sources */,
				BE8964B12710393D00BDC896 /* SnackFoodInfoRowView.swift in Sources */,
				BE24E69C26E59CE0003D5DFC /* PageControl.swift in Sources */,
				BEEF3811271B0A2B002B054B /* RadioButton.swift in Sources */,
				BEEF3805271AC800002B054B /* PointInfoPopup.swift in Sources */,
				BE24E6A026E5A01E003D5DFC /* WrongIDErrorBiew.swift in Sources */,
			);
			runOnlyForDeploymentPostprocessing = 0;
		};
		BE24E63426E4E0A1003D5DFC /* Sources */ = {
			isa = PBXSourcesBuildPhase;
			buildActionMask = 2147483647;
			files = (
				BE24E63D26E4E0A1003D5DFC /* Clay_refactorTests.swift in Sources */,
			);
			runOnlyForDeploymentPostprocessing = 0;
		};
		BE24E63F26E4E0A1003D5DFC /* Sources */ = {
			isa = PBXSourcesBuildPhase;
			buildActionMask = 2147483647;
			files = (
				BE24E64826E4E0A1003D5DFC /* Clay_refactorUITests.swift in Sources */,
			);
			runOnlyForDeploymentPostprocessing = 0;
		};
/* End PBXSourcesBuildPhase section */

/* Begin PBXTargetDependency section */
		BE24E63A26E4E0A1003D5DFC /* PBXTargetDependency */ = {
			isa = PBXTargetDependency;
			target = BE24E62626E4E0A0003D5DFC /* Clay_refactor */;
			targetProxy = BE24E63926E4E0A1003D5DFC /* PBXContainerItemProxy */;
		};
		BE24E64526E4E0A1003D5DFC /* PBXTargetDependency */ = {
			isa = PBXTargetDependency;
			target = BE24E62626E4E0A0003D5DFC /* Clay_refactor */;
			targetProxy = BE24E64426E4E0A1003D5DFC /* PBXContainerItemProxy */;
		};
/* End PBXTargetDependency section */

/* Begin XCBuildConfiguration section */
		BE24E64A26E4E0A1003D5DFC /* Debug */ = {
			isa = XCBuildConfiguration;
			buildSettings = {
				ALWAYS_SEARCH_USER_PATHS = NO;
				CLANG_ANALYZER_NONNULL = YES;
				CLANG_ANALYZER_NUMBER_OBJECT_CONVERSION = YES_AGGRESSIVE;
				CLANG_CXX_LANGUAGE_STANDARD = "gnu++14";
				CLANG_CXX_LIBRARY = "libc++";
				CLANG_ENABLE_MODULES = YES;
				CLANG_ENABLE_OBJC_ARC = YES;
				CLANG_ENABLE_OBJC_WEAK = YES;
				CLANG_WARN_BLOCK_CAPTURE_AUTORELEASING = YES;
				CLANG_WARN_BOOL_CONVERSION = YES;
				CLANG_WARN_COMMA = YES;
				CLANG_WARN_CONSTANT_CONVERSION = YES;
				CLANG_WARN_DEPRECATED_OBJC_IMPLEMENTATIONS = YES;
				CLANG_WARN_DIRECT_OBJC_ISA_USAGE = YES_ERROR;
				CLANG_WARN_DOCUMENTATION_COMMENTS = YES;
				CLANG_WARN_EMPTY_BODY = YES;
				CLANG_WARN_ENUM_CONVERSION = YES;
				CLANG_WARN_INFINITE_RECURSION = YES;
				CLANG_WARN_INT_CONVERSION = YES;
				CLANG_WARN_NON_LITERAL_NULL_CONVERSION = YES;
				CLANG_WARN_OBJC_IMPLICIT_RETAIN_SELF = YES;
				CLANG_WARN_OBJC_LITERAL_CONVERSION = YES;
				CLANG_WARN_OBJC_ROOT_CLASS = YES_ERROR;
				CLANG_WARN_QUOTED_INCLUDE_IN_FRAMEWORK_HEADER = YES;
				CLANG_WARN_RANGE_LOOP_ANALYSIS = YES;
				CLANG_WARN_STRICT_PROTOTYPES = YES;
				CLANG_WARN_SUSPICIOUS_MOVE = YES;
				CLANG_WARN_UNGUARDED_AVAILABILITY = YES_AGGRESSIVE;
				CLANG_WARN_UNREACHABLE_CODE = YES;
				CLANG_WARN__DUPLICATE_METHOD_MATCH = YES;
				COPY_PHASE_STRIP = NO;
				DEBUG_INFORMATION_FORMAT = dwarf;
				ENABLE_STRICT_OBJC_MSGSEND = YES;
				ENABLE_TESTABILITY = YES;
				GCC_C_LANGUAGE_STANDARD = gnu11;
				GCC_DYNAMIC_NO_PIC = NO;
				GCC_NO_COMMON_BLOCKS = YES;
				GCC_OPTIMIZATION_LEVEL = 0;
				GCC_PREPROCESSOR_DEFINITIONS = (
					"DEBUG=1",
					"$(inherited)",
				);
				GCC_WARN_64_TO_32_BIT_CONVERSION = YES;
				GCC_WARN_ABOUT_RETURN_TYPE = YES_ERROR;
				GCC_WARN_UNDECLARED_SELECTOR = YES;
				GCC_WARN_UNINITIALIZED_AUTOS = YES_AGGRESSIVE;
				GCC_WARN_UNUSED_FUNCTION = YES;
				GCC_WARN_UNUSED_VARIABLE = YES;
				IPHONEOS_DEPLOYMENT_TARGET = 14.0;
				MTL_ENABLE_DEBUG_INFO = INCLUDE_SOURCE;
				MTL_FAST_MATH = YES;
				ONLY_ACTIVE_ARCH = YES;
				SDKROOT = iphoneos;
				SWIFT_ACTIVE_COMPILATION_CONDITIONS = DEBUG;
				SWIFT_OPTIMIZATION_LEVEL = "-Onone";
				VALIDATE_WORKSPACE = YES;
			};
			name = Debug;
		};
		BE24E64B26E4E0A1003D5DFC /* Release */ = {
			isa = XCBuildConfiguration;
			buildSettings = {
				ALWAYS_SEARCH_USER_PATHS = NO;
				CLANG_ANALYZER_NONNULL = YES;
				CLANG_ANALYZER_NUMBER_OBJECT_CONVERSION = YES_AGGRESSIVE;
				CLANG_CXX_LANGUAGE_STANDARD = "gnu++14";
				CLANG_CXX_LIBRARY = "libc++";
				CLANG_ENABLE_MODULES = YES;
				CLANG_ENABLE_OBJC_ARC = YES;
				CLANG_ENABLE_OBJC_WEAK = YES;
				CLANG_WARN_BLOCK_CAPTURE_AUTORELEASING = YES;
				CLANG_WARN_BOOL_CONVERSION = YES;
				CLANG_WARN_COMMA = YES;
				CLANG_WARN_CONSTANT_CONVERSION = YES;
				CLANG_WARN_DEPRECATED_OBJC_IMPLEMENTATIONS = YES;
				CLANG_WARN_DIRECT_OBJC_ISA_USAGE = YES_ERROR;
				CLANG_WARN_DOCUMENTATION_COMMENTS = YES;
				CLANG_WARN_EMPTY_BODY = YES;
				CLANG_WARN_ENUM_CONVERSION = YES;
				CLANG_WARN_INFINITE_RECURSION = YES;
				CLANG_WARN_INT_CONVERSION = YES;
				CLANG_WARN_NON_LITERAL_NULL_CONVERSION = YES;
				CLANG_WARN_OBJC_IMPLICIT_RETAIN_SELF = YES;
				CLANG_WARN_OBJC_LITERAL_CONVERSION = YES;
				CLANG_WARN_OBJC_ROOT_CLASS = YES_ERROR;
				CLANG_WARN_QUOTED_INCLUDE_IN_FRAMEWORK_HEADER = YES;
				CLANG_WARN_RANGE_LOOP_ANALYSIS = YES;
				CLANG_WARN_STRICT_PROTOTYPES = YES;
				CLANG_WARN_SUSPICIOUS_MOVE = YES;
				CLANG_WARN_UNGUARDED_AVAILABILITY = YES_AGGRESSIVE;
				CLANG_WARN_UNREACHABLE_CODE = YES;
				CLANG_WARN__DUPLICATE_METHOD_MATCH = YES;
				COPY_PHASE_STRIP = NO;
				DEBUG_INFORMATION_FORMAT = "dwarf-with-dsym";
				ENABLE_NS_ASSERTIONS = NO;
				ENABLE_STRICT_OBJC_MSGSEND = YES;
				ENABLE_TESTABILITY = YES;
				GCC_C_LANGUAGE_STANDARD = gnu11;
				GCC_NO_COMMON_BLOCKS = YES;
				GCC_WARN_64_TO_32_BIT_CONVERSION = YES;
				GCC_WARN_ABOUT_RETURN_TYPE = YES_ERROR;
				GCC_WARN_UNDECLARED_SELECTOR = YES;
				GCC_WARN_UNINITIALIZED_AUTOS = YES_AGGRESSIVE;
				GCC_WARN_UNUSED_FUNCTION = YES;
				GCC_WARN_UNUSED_VARIABLE = YES;
				IPHONEOS_DEPLOYMENT_TARGET = 14.0;
				MTL_ENABLE_DEBUG_INFO = NO;
				MTL_FAST_MATH = YES;
				SDKROOT = iphoneos;
				SWIFT_COMPILATION_MODE = wholemodule;
				SWIFT_OPTIMIZATION_LEVEL = "-O";
				VALIDATE_PRODUCT = YES;
				VALIDATE_WORKSPACE = YES;
			};
			name = Release;
		};
		BE24E64D26E4E0A1003D5DFC /* Debug */ = {
			isa = XCBuildConfiguration;
			baseConfigurationReference = 0EC2E6A99096186CFE772000 /* Pods-Clay_refactor.debug.xcconfig */;
			buildSettings = {
				ALWAYS_EMBED_SWIFT_STANDARD_LIBRARIES = YES;
				ASSETCATALOG_COMPILER_APPICON_NAME = AppIcon;
				ASSETCATALOG_COMPILER_GLOBAL_ACCENT_COLOR_NAME = AccentColor;
				CODE_SIGN_ENTITLEMENTS = Clay_refactor/Clay_refactor.entitlements;
				CODE_SIGN_IDENTITY = "iPhone Developer";
				CODE_SIGN_STYLE = Manual;
				CURRENT_PROJECT_VERSION = 2;
				DEVELOPMENT_ASSET_PATHS = "\"Clay_refactor/Preview Content\"";
				DEVELOPMENT_TEAM = W2D39S8KC2;
				ENABLE_PREVIEWS = YES;
				ENABLE_TESTABILITY = YES;
				GCC_NO_COMMON_BLOCKS = NO;
				INFOPLIST_FILE = Clay_refactor/Info.plist;
				INFOPLIST_KEY_UILaunchScreen_Generation = NO;
				IPHONEOS_DEPLOYMENT_TARGET = 14.0;
				LD_RUNPATH_SEARCH_PATHS = (
					"$(inherited)",
					"@executable_path/Frameworks",
				);
				MARKETING_VERSION = 1.1;
				PRODUCT_BUNDLE_IDENTIFIER = "leeminjae.Clay-refactor";
				PRODUCT_NAME = "$(TARGET_NAME)";
				PROVISIONING_PROFILE_SPECIFIER = ClayDevelop;
				SWIFT_VERSION = 5.0;
				TARGETED_DEVICE_FAMILY = 1;
			};
			name = Debug;
		};
		BE24E64E26E4E0A1003D5DFC /* Release */ = {
			isa = XCBuildConfiguration;
			baseConfigurationReference = C48B3FBECDCD01B33D59524E /* Pods-Clay_refactor.release.xcconfig */;
			buildSettings = {
				ALWAYS_EMBED_SWIFT_STANDARD_LIBRARIES = YES;
				ASSETCATALOG_COMPILER_APPICON_NAME = AppIcon;
				ASSETCATALOG_COMPILER_GLOBAL_ACCENT_COLOR_NAME = AccentColor;
				CODE_SIGN_ENTITLEMENTS = Clay_refactor/Clay_refactor.entitlements;
				CODE_SIGN_IDENTITY = "iPhone Distribution";
				CODE_SIGN_STYLE = Manual;
				CURRENT_PROJECT_VERSION = 2;
				DEVELOPMENT_ASSET_PATHS = "\"Clay_refactor/Preview Content\"";
				DEVELOPMENT_TEAM = W2D39S8KC2;
				ENABLE_PREVIEWS = YES;
				ENABLE_TESTABILITY = YES;
				GCC_NO_COMMON_BLOCKS = NO;
				INFOPLIST_FILE = Clay_refactor/Info.plist;
				INFOPLIST_KEY_UILaunchScreen_Generation = NO;
				IPHONEOS_DEPLOYMENT_TARGET = 14.0;
				LD_RUNPATH_SEARCH_PATHS = (
					"$(inherited)",
					"@executable_path/Frameworks",
				);
				MARKETING_VERSION = 1.1;
				PRODUCT_BUNDLE_IDENTIFIER = "leeminjae.Clay-refactor";
				PRODUCT_NAME = "$(TARGET_NAME)";
				PROVISIONING_PROFILE_SPECIFIER = ClayAdhoc2;
				SWIFT_VERSION = 5.0;
				TARGETED_DEVICE_FAMILY = 1;
			};
			name = Release;
		};
		BE24E65026E4E0A1003D5DFC /* Debug */ = {
			isa = XCBuildConfiguration;
			baseConfigurationReference = AA3352281982CC6DE70BD0AE /* Pods-Clay_refactorTests.debug.xcconfig */;
			buildSettings = {
				ALWAYS_EMBED_SWIFT_STANDARD_LIBRARIES = YES;
				BUNDLE_LOADER = "$(TEST_HOST)";
				CODE_SIGN_STYLE = Automatic;
				DEVELOPMENT_TEAM = W2D39S8KC2;
				INFOPLIST_FILE = Clay_refactorTests/Info.plist;
				IPHONEOS_DEPLOYMENT_TARGET = 14.0;
				LD_RUNPATH_SEARCH_PATHS = (
					"$(inherited)",
					"@executable_path/Frameworks",
					"@loader_path/Frameworks",
				);
				PRODUCT_BUNDLE_IDENTIFIER = "leeminjae.Clay-refactorTests";
				PRODUCT_NAME = "$(TARGET_NAME)";
				SWIFT_VERSION = 5.0;
				TARGETED_DEVICE_FAMILY = "1,2";
				TEST_HOST = "$(BUILT_PRODUCTS_DIR)/Clay_refactor.app/Clay_refactor";
			};
			name = Debug;
		};
		BE24E65126E4E0A1003D5DFC /* Release */ = {
			isa = XCBuildConfiguration;
			baseConfigurationReference = 04F7002C503EC617F52EB26B /* Pods-Clay_refactorTests.release.xcconfig */;
			buildSettings = {
				ALWAYS_EMBED_SWIFT_STANDARD_LIBRARIES = YES;
				BUNDLE_LOADER = "$(TEST_HOST)";
				CODE_SIGN_STYLE = Automatic;
				DEVELOPMENT_TEAM = W2D39S8KC2;
				INFOPLIST_FILE = Clay_refactorTests/Info.plist;
				IPHONEOS_DEPLOYMENT_TARGET = 14.0;
				LD_RUNPATH_SEARCH_PATHS = (
					"$(inherited)",
					"@executable_path/Frameworks",
					"@loader_path/Frameworks",
				);
				PRODUCT_BUNDLE_IDENTIFIER = "leeminjae.Clay-refactorTests";
				PRODUCT_NAME = "$(TARGET_NAME)";
				SWIFT_VERSION = 5.0;
				TARGETED_DEVICE_FAMILY = "1,2";
				TEST_HOST = "$(BUILT_PRODUCTS_DIR)/Clay_refactor.app/Clay_refactor";
			};
			name = Release;
		};
		BE24E65326E4E0A1003D5DFC /* Debug */ = {
			isa = XCBuildConfiguration;
			baseConfigurationReference = 286CF25C91D76A0C33AAE88E /* Pods-Clay_refactor-Clay_refactorUITests.debug.xcconfig */;
			buildSettings = {
				ALWAYS_EMBED_SWIFT_STANDARD_LIBRARIES = YES;
				CODE_SIGN_STYLE = Automatic;
				DEVELOPMENT_TEAM = W2D39S8KC2;
				INFOPLIST_FILE = Clay_refactorUITests/Info.plist;
				LD_RUNPATH_SEARCH_PATHS = (
					"$(inherited)",
					"@executable_path/Frameworks",
					"@loader_path/Frameworks",
				);
				PRODUCT_BUNDLE_IDENTIFIER = "leeminjae.Clay-refactorUITests";
				PRODUCT_NAME = "$(TARGET_NAME)";
				SWIFT_VERSION = 5.0;
				TARGETED_DEVICE_FAMILY = "1,2";
				TEST_TARGET_NAME = Clay_refactor;
			};
			name = Debug;
		};
		BE24E65426E4E0A1003D5DFC /* Release */ = {
			isa = XCBuildConfiguration;
			baseConfigurationReference = 772D5B1377CD0D04D5A61E19 /* Pods-Clay_refactor-Clay_refactorUITests.release.xcconfig */;
			buildSettings = {
				ALWAYS_EMBED_SWIFT_STANDARD_LIBRARIES = YES;
				CODE_SIGN_STYLE = Automatic;
				DEVELOPMENT_TEAM = W2D39S8KC2;
				INFOPLIST_FILE = Clay_refactorUITests/Info.plist;
				LD_RUNPATH_SEARCH_PATHS = (
					"$(inherited)",
					"@executable_path/Frameworks",
					"@loader_path/Frameworks",
				);
				PRODUCT_BUNDLE_IDENTIFIER = "leeminjae.Clay-refactorUITests";
				PRODUCT_NAME = "$(TARGET_NAME)";
				SWIFT_VERSION = 5.0;
				TARGETED_DEVICE_FAMILY = "1,2";
				TEST_TARGET_NAME = Clay_refactor;
			};
			name = Release;
		};
/* End XCBuildConfiguration section */

/* Begin XCConfigurationList section */
		BE24E62226E4E0A0003D5DFC /* Build configuration list for PBXProject "Clay_refactor" */ = {
			isa = XCConfigurationList;
			buildConfigurations = (
				BE24E64A26E4E0A1003D5DFC /* Debug */,
				BE24E64B26E4E0A1003D5DFC /* Release */,
			);
			defaultConfigurationIsVisible = 0;
			defaultConfigurationName = Release;
		};
		BE24E64C26E4E0A1003D5DFC /* Build configuration list for PBXNativeTarget "Clay_refactor" */ = {
			isa = XCConfigurationList;
			buildConfigurations = (
				BE24E64D26E4E0A1003D5DFC /* Debug */,
				BE24E64E26E4E0A1003D5DFC /* Release */,
			);
			defaultConfigurationIsVisible = 0;
			defaultConfigurationName = Release;
		};
		BE24E64F26E4E0A1003D5DFC /* Build configuration list for PBXNativeTarget "Clay_refactorTests" */ = {
			isa = XCConfigurationList;
			buildConfigurations = (
				BE24E65026E4E0A1003D5DFC /* Debug */,
				BE24E65126E4E0A1003D5DFC /* Release */,
			);
			defaultConfigurationIsVisible = 0;
			defaultConfigurationName = Release;
		};
		BE24E65226E4E0A1003D5DFC /* Build configuration list for PBXNativeTarget "Clay_refactorUITests" */ = {
			isa = XCConfigurationList;
			buildConfigurations = (
				BE24E65326E4E0A1003D5DFC /* Debug */,
				BE24E65426E4E0A1003D5DFC /* Release */,
			);
			defaultConfigurationIsVisible = 0;
			defaultConfigurationName = Release;
		};
/* End XCConfigurationList section */

/* Begin XCRemoteSwiftPackageReference section */
		BE18A1372704550F00FC7B6D /* XCRemoteSwiftPackageReference "ConfettiSwiftUI" */ = {
			isa = XCRemoteSwiftPackageReference;
			repositoryURL = "https://github.com/simibac/ConfettiSwiftUI";
			requirement = {
				kind = upToNextMajorVersion;
				minimumVersion = 0.2.1;
			};
		};
		BE18A13A2704779D00FC7B6D /* XCRemoteSwiftPackageReference "PopupView" */ = {
			isa = XCRemoteSwiftPackageReference;
			repositoryURL = "https://github.com/exyte/PopupView.git";
			requirement = {
				kind = upToNextMajorVersion;
				minimumVersion = 1.0.0;
			};
		};
		BE267F152714011000D2CB7F /* XCRemoteSwiftPackageReference "Kingfisher" */ = {
			isa = XCRemoteSwiftPackageReference;
			repositoryURL = "https://github.com/onevcat/Kingfisher";
			requirement = {
				kind = upToNextMajorVersion;
				minimumVersion = 7.0.0;
			};
		};
		BE8964AB271019A500BDC896 /* XCRemoteSwiftPackageReference "SwiftUIRefresh" */ = {
			isa = XCRemoteSwiftPackageReference;
			repositoryURL = "https://github.com/timbersoftware/SwiftUIRefresh.git";
			requirement = {
				kind = upToNextMajorVersion;
				minimumVersion = 0.0.3;
			};
		};
		BE9147172709E7A0009F1522 /* XCRemoteSwiftPackageReference "Alamofire" */ = {
			isa = XCRemoteSwiftPackageReference;
			repositoryURL = "https://github.com/Alamofire/Alamofire.git";
			requirement = {
				kind = upToNextMajorVersion;
				minimumVersion = 5.0.0;
			};
		};
		BEFE203A270BAD5200AA3E47 /* XCRemoteSwiftPackageReference "ElegantCalendar" */ = {
			isa = XCRemoteSwiftPackageReference;
			repositoryURL = "https://github.com/ThasianX/ElegantCalendar";
			requirement = {
				kind = upToNextMajorVersion;
				minimumVersion = 4.0.0;
			};
		};
		BEFE203D270BB40300AA3E47 /* XCRemoteSwiftPackageReference "DateGrid" */ = {
			isa = XCRemoteSwiftPackageReference;
			repositoryURL = "https://github.com/yodagamaheshan/DateGrid.git";
			requirement = {
				kind = upToNextMajorVersion;
				minimumVersion = 0.0.3;
			};
		};
/* End XCRemoteSwiftPackageReference section */

/* Begin XCSwiftPackageProductDependency section */
		BE267F162714011000D2CB7F /* Kingfisher */ = {
			isa = XCSwiftPackageProductDependency;
			package = BE267F152714011000D2CB7F /* XCRemoteSwiftPackageReference "Kingfisher" */;
			productName = Kingfisher;
		};
		BE7F4A98270566240081B7C4 /* PopupView */ = {
			isa = XCSwiftPackageProductDependency;
			package = BE18A13A2704779D00FC7B6D /* XCRemoteSwiftPackageReference "PopupView" */;
			productName = PopupView;
		};
		BE7F4AEE270567880081B7C4 /* ConfettiSwiftUI */ = {
			isa = XCSwiftPackageProductDependency;
			package = BE18A1372704550F00FC7B6D /* XCRemoteSwiftPackageReference "ConfettiSwiftUI" */;
			productName = ConfettiSwiftUI;
		};
		BE8964AC271019A600BDC896 /* SwiftUIRefresh */ = {
			isa = XCSwiftPackageProductDependency;
			package = BE8964AB271019A500BDC896 /* XCRemoteSwiftPackageReference "SwiftUIRefresh" */;
			productName = SwiftUIRefresh;
		};
		BE9147182709E7A0009F1522 /* Alamofire */ = {
			isa = XCSwiftPackageProductDependency;
			package = BE9147172709E7A0009F1522 /* XCRemoteSwiftPackageReference "Alamofire" */;
			productName = Alamofire;
		};
		BEFE203B270BAD5300AA3E47 /* ElegantCalendar */ = {
			isa = XCSwiftPackageProductDependency;
			package = BEFE203A270BAD5200AA3E47 /* XCRemoteSwiftPackageReference "ElegantCalendar" */;
			productName = ElegantCalendar;
		};
		BEFE203E270BB40300AA3E47 /* DateGrid */ = {
			isa = XCSwiftPackageProductDependency;
			package = BEFE203D270BB40300AA3E47 /* XCRemoteSwiftPackageReference "DateGrid" */;
			productName = DateGrid;
		};
/* End XCSwiftPackageProductDependency section */
	};
	rootObject = BE24E61F26E4E0A0003D5DFC /* Project object */;
}
